// !$*UTF8*$!
{
	archiveVersion = 1;
	classes = {
	};
	objectVersion = 60;
	objects = {

/* Begin PBXBuildFile section */
		AA0000L0 /* ModelInfo+Localized.swift in Sources */ = {isa = PBXBuildFile; fileRef = AA1000L0 /* ModelInfo+Localized.swift */; };
		SS000001 /* SubscriptionManager.swift in Sources */ = {isa = PBXBuildFile; fileRef = SS100001 /* SubscriptionManager.swift */; };
		SS000002 /* PaywallView.swift in Sources */ = {isa = PBXBuildFile; fileRef = SS100002 /* PaywallView.swift */; };
		AA361014 /* SmartModeListView.swift in Sources */ = {isa = PBXBuildFile; fileRef = AA361013 /* SmartModeListView.swift */; };
		SS000009 /* PaywallPresentation.swift in Sources */ = {isa = PBXBuildFile; fileRef = SS100009 /* PaywallPresentation.swift */; };
		AA700070 /* HistoryView.swift in Sources */ = {isa = PBXBuildFile; fileRef = AA700170 /* HistoryView.swift */; };
		AA700071 /* TranscriptionDetailView.swift in Sources */ = {isa = PBXBuildFile; fileRef = AA700171 /* TranscriptionDetailView.swift */; };
		AA700072 /* SwipeUpHintView.swift in Sources */ = {isa = PBXBuildFile; fileRef = AA700172 /* SwipeUpHintView.swift */; };
		SS000003 /* ProBannerView.swift in Sources */ = {isa = PBXBuildFile; fileRef = SS100003 /* ProBannerView.swift */; };
		AA0000L1 /* Localizable.xcstrings in Resources */ = {isa = PBXBuildFile; fileRef = AA1000L1 /* Localizable.xcstrings */; };
		AA0000L2 /* Localizable.xcstrings in Resources */ = {isa = PBXBuildFile; fileRef = AA1000L2 /* Localizable.xcstrings */; };
		4647AD302F76AAA5003C3546 /* RecordingView.swift in Frameworks */ = {isa = PBXBuildFile; fileRef = AA100043 /* RecordingView.swift */; };
		4647AD312F76AAA5003C3546 /* FluidAudio in Frameworks */ = {isa = PBXBuildFile; productRef = AA900030 /* FluidAudio */; };
		AA000001 /* DictusApp.swift in Sources */ = {isa = PBXBuildFile; fileRef = AA100001 /* DictusApp.swift */; };
		AA000002 /* ContentView.swift in Sources */ = {isa = PBXBuildFile; fileRef = AA100002 /* ContentView.swift */; };
		AA000003 /* KeyboardViewController.swift in Sources */ = {isa = PBXBuildFile; fileRef = AA100003 /* KeyboardViewController.swift */; };
		AA000004 /* KeyboardRootView.swift in Sources */ = {isa = PBXBuildFile; fileRef = AA100004 /* KeyboardRootView.swift */; };
		AA000005 /* DictationCoordinator.swift in Sources */ = {isa = PBXBuildFile; fileRef = AA100009 /* DictationCoordinator.swift */; };
		AA000264 /* ColdStartLaunch.swift in Sources */ = {isa = PBXBuildFile; fileRef = AA100264 /* ColdStartLaunch.swift */; };
		AA000311 /* ColdStartResolution.swift in Sources */ = {isa = PBXBuildFile; fileRef = AA100311 /* ColdStartResolution.swift */; };
		AA000361 /* DictationHandoff.swift in Sources */ = {isa = PBXBuildFile; fileRef = AA100361 /* DictationHandoff.swift */; };
		AA000428 /* DictationCoordinator+ModelLoad.swift in Sources */ = {isa = PBXBuildFile; fileRef = AA100428 /* DictationCoordinator+ModelLoad.swift */; };
		AA000006 /* DictationView.swift in Sources */ = {isa = PBXBuildFile; fileRef = AA10000A /* DictationView.swift */; };
		AA000007 /* KeyboardState.swift in Sources */ = {isa = PBXBuildFile; fileRef = AA10000B /* KeyboardState.swift */; };
		AA0000F7 /* KeyboardLifecycleProbe.swift in Sources */ = {isa = PBXBuildFile; fileRef = AA1000F6 /* KeyboardLifecycleProbe.swift */; };
		AA000008 /* MicButtonDisabled.swift in Sources */ = {isa = PBXBuildFile; fileRef = AA10000C /* MicButtonDisabled.swift */; };
		AA000010 /* DictusCore in Frameworks */ = {isa = PBXBuildFile; productRef = AA900010 /* DictusCore */; };
		AA000011 /* DictusCore in Frameworks */ = {isa = PBXBuildFile; productRef = AA900011 /* DictusCore */; };
		AA000020 /* DictusKeyboard.appex in Embed App Extensions */ = {isa = PBXBuildFile; fileRef = AA200002 /* DictusKeyboard.appex */; settings = {ATTRIBUTES = (RemoveHeadersOnCopy, ); }; };
		AA000030 /* InputView.swift in Sources */ = {isa = PBXBuildFile; fileRef = AA100030 /* InputView.swift */; };
		AA000035 /* FullAccessBanner.swift in Sources */ = {isa = PBXBuildFile; fileRef = AA100035 /* FullAccessBanner.swift */; };
		AA000036 /* KeyDefinition.swift in Sources */ = {isa = PBXBuildFile; fileRef = AA100036 /* KeyDefinition.swift */; };
		AA000037 /* KeyboardLayer.swift in Sources */ = {isa = PBXBuildFile; fileRef = AA100037 /* KeyboardLayer.swift */; };
		AA000038 /* KeyboardLayout.swift in Sources */ = {isa = PBXBuildFile; fileRef = AA100038 /* KeyboardLayout.swift */; };
		AA000041 /* TranscriptionService.swift in Sources */ = {isa = PBXBuildFile; fileRef = AA100041 /* TranscriptionService.swift */; };
		AA0003A1 /* WhisperComputeOptions.swift in Sources */ = {isa = PBXBuildFile; fileRef = AA1003A1 /* WhisperComputeOptions.swift */; };
		AA0003B0 /* DictationFailureMessage.swift in Sources */ = {isa = PBXBuildFile; fileRef = AA1003B0 /* DictationFailureMessage.swift */; };
		AA000042 /* WhisperKit in Frameworks */ = {isa = PBXBuildFile; productRef = AA900020 /* WhisperKit */; };
		AA000043 /* RecordingView.swift in Sources */ = {isa = PBXBuildFile; fileRef = AA100043 /* RecordingView.swift */; };
		AA000045 /* UnifiedAudioEngine.swift in Sources */ = {isa = PBXBuildFile; fileRef = AA100045 /* UnifiedAudioEngine.swift */; };
		AA000200 /* ObjCExceptionCatcher.m in Sources */ = {isa = PBXBuildFile; fileRef = AA100200 /* ObjCExceptionCatcher.m */; };
		AA361002 /* TextProxyIdentity.m in Sources */ = {isa = PBXBuildFile; fileRef = AA361001 /* TextProxyIdentity.m */; };
		AA361004 /* KeyboardPolishCoordinator.swift in Sources */ = {isa = PBXBuildFile; fileRef = AA361003 /* KeyboardPolishCoordinator.swift */; };
		AA361008 /* KeyboardPolishStage.swift in Sources */ = {isa = PBXBuildFile; fileRef = AA361007 /* KeyboardPolishStage.swift */; };
		AA361010 /* KeyboardSmartModeFan.swift in Sources */ = {isa = PBXBuildFile; fileRef = AA361009 /* KeyboardSmartModeFan.swift */; };
		AA423004 /* SmartModeDisplayName.swift in Sources */ = {isa = PBXBuildFile; fileRef = AA423003 /* SmartModeDisplayName.swift */; };
		AA423002 /* SmartModeDisplayName.swift in Sources */ = {isa = PBXBuildFile; fileRef = AA423001 /* SmartModeDisplayName.swift */; };
		AA000050 /* ModelManager.swift in Sources */ = {isa = PBXBuildFile; fileRef = AA100050 /* ModelManager.swift */; };
		AA000052 /* ModelRepoDownloader.swift in Sources */ = {isa = PBXBuildFile; fileRef = AA100052 /* ModelRepoDownloader.swift */; };
		AA000051 /* ModelManagerView.swift in Sources */ = {isa = PBXBuildFile; fileRef = AA100051 /* ModelManagerView.swift */; };
		AA000060 /* ToolbarView.swift in Sources */ = {isa = PBXBuildFile; fileRef = AA100060 /* ToolbarView.swift */; };
		AA00006L /* KeyboardPanelView.swift in Sources */ = {isa = PBXBuildFile; fileRef = AA10006L /* KeyboardPanelView.swift */; };
		AA000061 /* RecordingOverlay.swift in Sources */ = {isa = PBXBuildFile; fileRef = AA100061 /* RecordingOverlay.swift */; };
		AA361012 /* SmartModeFanView.swift in Sources */ = {isa = PBXBuildFile; fileRef = AA361011 /* SmartModeFanView.swift */; };
		AA000062 /* KeyboardWaveformView.swift in Sources */ = {isa = PBXBuildFile; fileRef = AA100062 /* KeyboardWaveformView.swift */; };
		AA000071 /* TestDictationView.swift in Sources */ = {isa = PBXBuildFile; fileRef = AA100071 /* TestDictationView.swift */; };
		AA000090 /* MainTabView.swift in Sources */ = {isa = PBXBuildFile; fileRef = AA100090 /* MainTabView.swift */; };
		AA000091 /* HomeView.swift in Sources */ = {isa = PBXBuildFile; fileRef = AA100091 /* HomeView.swift */; };
		AA000092 /* DiagnosticDetailView.swift in Sources */ = {isa = PBXBuildFile; fileRef = AA100092 /* DiagnosticDetailView.swift */; };
		AA0000A0 /* OnboardingView.swift in Sources */ = {isa = PBXBuildFile; fileRef = AA1000A0 /* OnboardingView.swift */; };
		AA0000A1 /* WelcomePage.swift in Sources */ = {isa = PBXBuildFile; fileRef = AA1000A1 /* WelcomePage.swift */; };
		AA0000A2 /* MicPermissionPage.swift in Sources */ = {isa = PBXBuildFile; fileRef = AA1000A2 /* MicPermissionPage.swift */; };
		AA0000A3 /* KeyboardSetupPage.swift in Sources */ = {isa = PBXBuildFile; fileRef = AA1000A3 /* KeyboardSetupPage.swift */; };
		AA0000A4 /* ModelDownloadPage.swift in Sources */ = {isa = PBXBuildFile; fileRef = AA1000A4 /* ModelDownloadPage.swift */; };
		AA0000A5 /* GlobeKeyTutorialPage.swift in Sources */ = {isa = PBXBuildFile; fileRef = AA1000A5 /* GlobeKeyTutorialPage.swift */; };
		AA0000A6 /* SettingsView.swift in Sources */ = {isa = PBXBuildFile; fileRef = AA1000A6 /* SettingsView.swift */; };
		AA0000A7 /* LicensesView.swift in Sources */ = {isa = PBXBuildFile; fileRef = AA1000A7 /* LicensesView.swift */; };
		AA0000A8 /* DebugLogView.swift in Sources */ = {isa = PBXBuildFile; fileRef = AA1000A8 /* DebugLogView.swift */; };
		AA0000A9 /* OnboardingSuccessView.swift in Sources */ = {isa = PBXBuildFile; fileRef = AA1000A9 /* OnboardingSuccessView.swift */; };
		AA0000B0 /* EmojiData.swift in Sources */ = {isa = PBXBuildFile; fileRef = AA1000B0 /* EmojiData.swift */; };
		AA0000B1 /* RecentEmojis.swift in Sources */ = {isa = PBXBuildFile; fileRef = AA1000B1 /* RecentEmojis.swift */; };
		AA0000B2 /* EmojiPickerView.swift in Sources */ = {isa = PBXBuildFile; fileRef = AA1000B2 /* EmojiPickerView.swift */; };
		AA0000B3 /* EmojiCategoryBar.swift in Sources */ = {isa = PBXBuildFile; fileRef = AA1000B3 /* EmojiCategoryBar.swift */; };
		AA0000B4 /* EmojiSearchFR.swift in Sources */ = {isa = PBXBuildFile; fileRef = AA1000B4 /* EmojiSearchFR.swift */; };
		AA0000C0 /* Assets.xcassets in Resources */ = {isa = PBXBuildFile; fileRef = AA1000C0 /* Assets.xcassets */; };
		AA0000C1 /* Settings.bundle in Resources */ = {isa = PBXBuildFile; fileRef = AA1000C1 /* Settings.bundle */; };
		AA0000D0 /* TextPredictionEngine.swift in Sources */ = {isa = PBXBuildFile; fileRef = AA1000D0 /* TextPredictionEngine.swift */; };
		AA0000D1 /* SuggestionState.swift in Sources */ = {isa = PBXBuildFile; fileRef = AA1000D1 /* SuggestionState.swift */; };
		AA0000D2 /* fr_frequency.json in Resources */ = {isa = PBXBuildFile; fileRef = AA1000D2 /* fr_frequency.json */; };
		AA0000D3 /* en_frequency.json in Resources */ = {isa = PBXBuildFile; fileRef = AA1000D3 /* en_frequency.json */; };
		AA0000D5 /* es_frequency.json in Resources */ = {isa = PBXBuildFile; fileRef = AA1000D5 /* es_frequency.json */; };
		AA0000D6 /* de_frequency.json in Resources */ = {isa = PBXBuildFile; fileRef = AA1000D6 /* de_frequency.json */; };
		AA0000D4 /* SuggestionBarView.swift in Sources */ = {isa = PBXBuildFile; fileRef = AA1000D4 /* SuggestionBarView.swift */; };
		AA0000E0 /* KeyboardModePicker.swift in Sources */ = {isa = PBXBuildFile; fileRef = AA1000E0 /* KeyboardModePicker.swift */; };
		AA0000EA /* PolishTogglePage.swift in Sources */ = {isa = PBXBuildFile; fileRef = AA1000EA /* PolishTogglePage.swift */; };
		AA0000E2 /* GaugeBarView.swift in Sources */ = {isa = PBXBuildFile; fileRef = AA1000E2 /* GaugeBarView.swift */; };
		AA0000E3 /* ModelCardView.swift in Sources */ = {isa = PBXBuildFile; fileRef = AA1000E3 /* ModelCardView.swift */; };
		AA0000E4 /* SwipeBackOverlayView.swift in Sources */ = {isa = PBXBuildFile; fileRef = AA1000E4 /* SwipeBackOverlayView.swift */; };
		AA000300 /* CyclingLoadingText.swift in Sources */ = {isa = PBXBuildFile; fileRef = AA100300 /* CyclingLoadingText.swift */; };
		AA000301 /* ModelLoadingOverlay.swift in Sources */ = {isa = PBXBuildFile; fileRef = AA100301 /* ModelLoadingOverlay.swift */; };
		AA000302 /* ModelLanguageDetailView.swift in Sources */ = {isa = PBXBuildFile; fileRef = AA100302 /* ModelLanguageDetailView.swift */; };
		AA0000F0 /* SpeechModelProtocol.swift in Sources */ = {isa = PBXBuildFile; fileRef = AA1000F0 /* SpeechModelProtocol.swift */; };
		AA0000F1 /* ParakeetEngine.swift in Sources */ = {isa = PBXBuildFile; fileRef = AA1000F1 /* ParakeetEngine.swift */; };
		AA0000F2 /* SoundFeedbackService.swift in Sources */ = {isa = PBXBuildFile; fileRef = AA1000F2 /* SoundFeedbackService.swift */; };
		AA0000F3 /* SoundSettingsView.swift in Sources */ = {isa = PBXBuildFile; fileRef = AA1000F3 /* SoundSettingsView.swift */; };
		AA0000F4 /* Sounds in Resources */ = {isa = PBXBuildFile; fileRef = AA1000F4 /* Sounds */; };
		AA0000F5 /* LiveActivityManager.swift in Sources */ = {isa = PBXBuildFile; fileRef = AA1000F5 /* LiveActivityManager.swift */; };
		AA00P201 /* PolishAvailability.swift in Sources */ = {isa = PBXBuildFile; fileRef = AA10P201 /* PolishAvailability.swift */; };
		AA00P203 /* PolishCoordinator.swift in Sources */ = {isa = PBXBuildFile; fileRef = AA10P203 /* PolishCoordinator.swift */; };
		AA00P204 /* PolishMetricsRing.swift in Sources */ = {isa = PBXBuildFile; fileRef = AA10P204 /* PolishMetricsRing.swift */; };
		AA00P205 /* PolishDebugView.swift in Sources */ = {isa = PBXBuildFile; fileRef = AA10P205 /* PolishDebugView.swift */; };
		AA00P207 /* PolishDebugExporter.swift in Sources */ = {isa = PBXBuildFile; fileRef = AA10P207 /* PolishDebugExporter.swift */; };
		AA0000F6 /* StopStandbyIntent.swift in Sources */ = {isa = PBXBuildFile; fileRef = BB100005 /* StopStandbyIntent.swift */; };
		AA0000G0 /* KeyTapSignposter.swift in Sources */ = {isa = PBXBuildFile; fileRef = AA1000G0 /* KeyTapSignposter.swift */; };
		AA000P10 /* PrivacyInfo.xcprivacy in Resources */ = {isa = PBXBuildFile; fileRef = AA100P10 /* PrivacyInfo.xcprivacy */; };
		AA000P20 /* PrivacyInfo.xcprivacy in Resources */ = {isa = PBXBuildFile; fileRef = AA100P20 /* PrivacyInfo.xcprivacy */; };
		BB000001 /* DictusWidgetBundle.swift in Sources */ = {isa = PBXBuildFile; fileRef = BB100001 /* DictusWidgetBundle.swift */; };
		BB000002 /* DictusLiveActivity.swift in Sources */ = {isa = PBXBuildFile; fileRef = BB100002 /* DictusLiveActivity.swift */; };
		BB000003 /* StopStandbyIntent.swift in Sources */ = {isa = PBXBuildFile; fileRef = BB100005 /* StopStandbyIntent.swift */; };
		BB000010 /* DictusCore in Frameworks */ = {isa = PBXBuildFile; productRef = BB900010 /* DictusCore */; };
		BB000020 /* DictusWidgets.appex in Embed App Extensions */ = {isa = PBXBuildFile; fileRef = BB200001 /* DictusWidgets.appex */; settings = {ATTRIBUTES = (RemoveHeadersOnCopy, ); }; };
		EE000001 /* dictus_trie.cpp in Sources */ = {isa = PBXBuildFile; fileRef = EE100001 /* dictus_trie.cpp */; };
		EE000002 /* dictus_scorer.cpp in Sources */ = {isa = PBXBuildFile; fileRef = EE100002 /* dictus_scorer.cpp */; };
		EE000003 /* dictus_proximity.cpp in Sources */ = {isa = PBXBuildFile; fileRef = EE100003 /* dictus_proximity.cpp */; };
		EE000004 /* AOSPTrieBridge.mm in Sources */ = {isa = PBXBuildFile; fileRef = EE100004 /* AOSPTrieBridge.mm */; };
		EE000005 /* AOSPTrieEngine.swift in Sources */ = {isa = PBXBuildFile; fileRef = EE100005 /* AOSPTrieEngine.swift */; };
		EE000006 /* fr_spellcheck.dict in Resources */ = {isa = PBXBuildFile; fileRef = EE100006 /* fr_spellcheck.dict */; };
		EE000007 /* en_spellcheck.dict in Resources */ = {isa = PBXBuildFile; fileRef = EE100007 /* en_spellcheck.dict */; };
		EE000008 /* dictus_ngram.cpp in Sources */ = {isa = PBXBuildFile; fileRef = EE100008A /* dictus_ngram.cpp */; };
		EE000009 /* fr_ngrams.dict in Resources */ = {isa = PBXBuildFile; fileRef = EE100009A /* fr_ngrams.dict */; };
		EE00000A /* en_ngrams.dict in Resources */ = {isa = PBXBuildFile; fileRef = EE10000AA /* en_ngrams.dict */; };
		EE0ES001 /* es_spellcheck.dict in Resources */ = {isa = PBXBuildFile; fileRef = EE1ES001 /* es_spellcheck.dict */; };
		EE0ES002 /* es_ngrams.dict in Resources */ = {isa = PBXBuildFile; fileRef = EE1ES002 /* es_ngrams.dict */; };
		EE0DE001 /* de_spellcheck.dict in Resources */ = {isa = PBXBuildFile; fileRef = EE1DE001 /* de_spellcheck.dict */; };
		EE0DE002 /* de_ngrams.dict in Resources */ = {isa = PBXBuildFile; fileRef = EE1DE002 /* de_ngrams.dict */; };
		CC000030 /* KeyboardMetrics.swift in Sources */ = {isa = PBXBuildFile; fileRef = CC100030 /* KeyboardMetrics.swift */; };
		CC000050 /* KeySoundPolicy.swift in Sources */ = {isa = PBXBuildFile; fileRef = CC100050 /* KeySoundPolicy.swift */; };
		CC000010 /* KeyboardLayouts.swift in Sources */ = {isa = PBXBuildFile; fileRef = CC100010 /* KeyboardLayouts.swift */; };
		CC000001 /* GiellaUtils.swift in Sources */ = {isa = PBXBuildFile; fileRef = CC100001 /* GiellaUtils.swift */; };
		CC000002 /* KeyDefinition.swift in Sources */ = {isa = PBXBuildFile; fileRef = CC100002 /* KeyDefinition.swift */; };
		CC000003 /* KeyboardDefinition.swift in Sources */ = {isa = PBXBuildFile; fileRef = CC100003 /* KeyboardDefinition.swift */; };
		CC000004 /* Theme.swift in Sources */ = {isa = PBXBuildFile; fileRef = CC100004 /* Theme.swift */; };
		CC000005 /* DeviceContext.swift in Sources */ = {isa = PBXBuildFile; fileRef = CC100005 /* DeviceContext.swift */; };
		CC000006 /* KeyboardHeightProvider.swift in Sources */ = {isa = PBXBuildFile; fileRef = CC100006 /* KeyboardHeightProvider.swift */; };
		CC000007 /* InputContext.swift in Sources */ = {isa = PBXBuildFile; fileRef = CC100007 /* InputContext.swift */; };
		CC000008 /* SystemKeys.swift in Sources */ = {isa = PBXBuildFile; fileRef = CC100008 /* SystemKeys.swift */; };
		CC000009 /* KeyboardView.swift in Sources */ = {isa = PBXBuildFile; fileRef = CC100009 /* KeyboardView.swift */; };
		CC00000A /* KeyView.swift in Sources */ = {isa = PBXBuildFile; fileRef = CC10000A /* KeyView.swift */; };
		CC00000B /* KeyOverlayView.swift in Sources */ = {isa = PBXBuildFile; fileRef = CC10000B /* KeyOverlayView.swift */; };
		CC00000C /* LongPressController.swift in Sources */ = {isa = PBXBuildFile; fileRef = CC10000C /* LongPressController.swift */; };
		CC00000D /* DeadKeyHandler.swift in Sources */ = {isa = PBXBuildFile; fileRef = CC10000D /* DeadKeyHandler.swift */; };
		CC00000E /* Audio.swift in Sources */ = {isa = PBXBuildFile; fileRef = CC10000E /* Audio.swift */; };
		CC00000F /* DeviceKit in Frameworks */ = {isa = PBXBuildFile; productRef = CC900001 /* DeviceKit */; };
		CC000020 /* DictusKeyboardBridge.swift in Sources */ = {isa = PBXBuildFile; fileRef = CC100020 /* DictusKeyboardBridge.swift */; };
		CC000040 /* HostInputTraits.swift in Sources */ = {isa = PBXBuildFile; fileRef = CC100040 /* HostInputTraits.swift */; };
/* End PBXBuildFile section */

/* Begin PBXContainerItemProxy section */
		AA050001 /* PBXContainerItemProxy */ = {
			isa = PBXContainerItemProxy;
			containerPortal = AA000000 /* Project object */;
			proxyType = 1;
			remoteGlobalIDString = AA500002;
			remoteInfo = DictusKeyboard;
		};
		BB050001 /* PBXContainerItemProxy */ = {
			isa = PBXContainerItemProxy;
			containerPortal = AA000000 /* Project object */;
			proxyType = 1;
			remoteGlobalIDString = BB500001;
			remoteInfo = DictusWidgets;
		};
/* End PBXContainerItemProxy section */

/* Begin PBXCopyFilesBuildPhase section */
		AA060001 /* Embed App Extensions */ = {
			isa = PBXCopyFilesBuildPhase;
			buildActionMask = 2147483647;
			dstPath = "";
			dstSubfolderSpec = 13;
			files = (
				AA000020 /* DictusKeyboard.appex in Embed App Extensions */,
				BB000020 /* DictusWidgets.appex in Embed App Extensions */,
			);
			name = "Embed App Extensions";
			runOnlyForDeploymentPostprocessing = 0;
		};
/* End PBXCopyFilesBuildPhase section */

/* Begin PBXFileReference section */
		AA1000L0 /* ModelInfo+Localized.swift */ = {isa = PBXFileReference; lastKnownFileType = sourcecode.swift; path = "ModelInfo+Localized.swift"; sourceTree = "<group>"; };
		AA1000L1 /* Localizable.xcstrings */ = {isa = PBXFileReference; lastKnownFileType = text.json.xcstrings; path = Localizable.xcstrings; sourceTree = "<group>"; };
		AA1000L2 /* Localizable.xcstrings */ = {isa = PBXFileReference; lastKnownFileType = text.json.xcstrings; path = Localizable.xcstrings; sourceTree = "<group>"; };
		AA100001 /* DictusApp.swift */ = {isa = PBXFileReference; lastKnownFileType = sourcecode.swift; path = DictusApp.swift; sourceTree = "<group>"; };
		AA100002 /* ContentView.swift */ = {isa = PBXFileReference; lastKnownFileType = sourcecode.swift; path = ContentView.swift; sourceTree = "<group>"; };
		AA100003 /* KeyboardViewController.swift */ = {isa = PBXFileReference; lastKnownFileType = sourcecode.swift; path = KeyboardViewController.swift; sourceTree = "<group>"; };
		AA100004 /* KeyboardRootView.swift */ = {isa = PBXFileReference; lastKnownFileType = sourcecode.swift; path = KeyboardRootView.swift; sourceTree = "<group>"; };
		AA100005 /* DictusApp.entitlements */ = {isa = PBXFileReference; lastKnownFileType = text.plist.entitlements; path = DictusApp.entitlements; sourceTree = "<group>"; };
		AA100006 /* DictusKeyboard.entitlements */ = {isa = PBXFileReference; lastKnownFileType = text.plist.entitlements; path = DictusKeyboard.entitlements; sourceTree = "<group>"; };
		AA100007 /* Info.plist */ = {isa = PBXFileReference; lastKnownFileType = text.plist.xml; path = Info.plist; sourceTree = "<group>"; };
		AA100008 /* Info.plist */ = {isa = PBXFileReference; lastKnownFileType = text.plist.xml; path = Info.plist; sourceTree = "<group>"; };
		AA100009 /* DictationCoordinator.swift */ = {isa = PBXFileReference; lastKnownFileType = sourcecode.swift; path = DictationCoordinator.swift; sourceTree = "<group>"; };
		AA100264 /* ColdStartLaunch.swift */ = {isa = PBXFileReference; lastKnownFileType = sourcecode.swift; path = ColdStartLaunch.swift; sourceTree = "<group>"; };
		AA100311 /* ColdStartResolution.swift */ = {isa = PBXFileReference; lastKnownFileType = sourcecode.swift; path = ColdStartResolution.swift; sourceTree = "<group>"; };
		AA100361 /* DictationHandoff.swift */ = {isa = PBXFileReference; lastKnownFileType = sourcecode.swift; path = DictationHandoff.swift; sourceTree = "<group>"; };
		AA100428 /* DictationCoordinator+ModelLoad.swift */ = {isa = PBXFileReference; lastKnownFileType = sourcecode.swift; path = "DictationCoordinator+ModelLoad.swift"; sourceTree = "<group>"; };
		AA10000A /* DictationView.swift */ = {isa = PBXFileReference; lastKnownFileType = sourcecode.swift; path = DictationView.swift; sourceTree = "<group>"; };
		AA10000B /* KeyboardState.swift */ = {isa = PBXFileReference; lastKnownFileType = sourcecode.swift; path = KeyboardState.swift; sourceTree = "<group>"; };
		AA1000F6 /* KeyboardLifecycleProbe.swift */ = {isa = PBXFileReference; lastKnownFileType = sourcecode.swift; path = KeyboardLifecycleProbe.swift; sourceTree = "<group>"; };
		AA10000C /* MicButtonDisabled.swift */ = {isa = PBXFileReference; lastKnownFileType = sourcecode.swift; path = MicButtonDisabled.swift; sourceTree = "<group>"; };
		AA100030 /* InputView.swift */ = {isa = PBXFileReference; lastKnownFileType = sourcecode.swift; path = InputView.swift; sourceTree = "<group>"; };
		AA100035 /* FullAccessBanner.swift */ = {isa = PBXFileReference; lastKnownFileType = sourcecode.swift; path = FullAccessBanner.swift; sourceTree = "<group>"; };
		AA100036 /* KeyDefinition.swift */ = {isa = PBXFileReference; lastKnownFileType = sourcecode.swift; path = KeyDefinition.swift; sourceTree = "<group>"; };
		AA100037 /* KeyboardLayer.swift */ = {isa = PBXFileReference; lastKnownFileType = sourcecode.swift; path = KeyboardLayer.swift; sourceTree = "<group>"; };
		AA100038 /* KeyboardLayout.swift */ = {isa = PBXFileReference; lastKnownFileType = sourcecode.swift; path = KeyboardLayout.swift; sourceTree = "<group>"; };
		AA100041 /* TranscriptionService.swift */ = {isa = PBXFileReference; lastKnownFileType = sourcecode.swift; path = TranscriptionService.swift; sourceTree = "<group>"; };
		AA1003A1 /* WhisperComputeOptions.swift */ = {isa = PBXFileReference; lastKnownFileType = sourcecode.swift; path = WhisperComputeOptions.swift; sourceTree = "<group>"; };
		AA1003B0 /* DictationFailureMessage.swift */ = {isa = PBXFileReference; lastKnownFileType = sourcecode.swift; path = DictationFailureMessage.swift; sourceTree = "<group>"; };
		AA100043 /* RecordingView.swift */ = {isa = PBXFileReference; lastKnownFileType = sourcecode.swift; path = RecordingView.swift; sourceTree = "<group>"; };
		AA100045 /* UnifiedAudioEngine.swift */ = {isa = PBXFileReference; lastKnownFileType = sourcecode.swift; path = UnifiedAudioEngine.swift; sourceTree = "<group>"; };
		AA100200 /* ObjCExceptionCatcher.m */ = {isa = PBXFileReference; lastKnownFileType = sourcecode.c.objc; path = ObjCExceptionCatcher.m; sourceTree = "<group>"; };
		AA361001 /* TextProxyIdentity.m */ = {isa = PBXFileReference; lastKnownFileType = sourcecode.c.objc; path = TextProxyIdentity.m; sourceTree = "<group>"; };
		AA361005 /* TextProxyIdentity.h */ = {isa = PBXFileReference; lastKnownFileType = sourcecode.c.h; path = TextProxyIdentity.h; sourceTree = "<group>"; };
		AA361003 /* KeyboardPolishCoordinator.swift */ = {isa = PBXFileReference; lastKnownFileType = sourcecode.swift; path = KeyboardPolishCoordinator.swift; sourceTree = "<group>"; };
		AA361007 /* KeyboardPolishStage.swift */ = {isa = PBXFileReference; lastKnownFileType = sourcecode.swift; path = KeyboardPolishStage.swift; sourceTree = "<group>"; };
		AA361009 /* KeyboardSmartModeFan.swift */ = {isa = PBXFileReference; lastKnownFileType = sourcecode.swift; path = KeyboardSmartModeFan.swift; sourceTree = "<group>"; };
		AA423003 /* SmartModeDisplayName.swift */ = {isa = PBXFileReference; lastKnownFileType = sourcecode.swift; path = SmartModeDisplayName.swift; sourceTree = "<group>"; };
		AA423001 /* SmartModeDisplayName.swift */ = {isa = PBXFileReference; lastKnownFileType = sourcecode.swift; path = SmartModeDisplayName.swift; sourceTree = "<group>"; };
		AA100201 /* ObjCExceptionCatcher.h */ = {isa = PBXFileReference; lastKnownFileType = sourcecode.c.h; path = ObjCExceptionCatcher.h; sourceTree = "<group>"; };
		AA100202 /* DictusApp-Bridging-Header.h */ = {isa = PBXFileReference; lastKnownFileType = sourcecode.c.h; path = "DictusApp-Bridging-Header.h"; sourceTree = "<group>"; };
		AA100050 /* ModelManager.swift */ = {isa = PBXFileReference; lastKnownFileType = sourcecode.swift; path = ModelManager.swift; sourceTree = "<group>"; };
		AA100052 /* ModelRepoDownloader.swift */ = {isa = PBXFileReference; lastKnownFileType = sourcecode.swift; path = ModelRepoDownloader.swift; sourceTree = "<group>"; };
		AA100051 /* ModelManagerView.swift */ = {isa = PBXFileReference; lastKnownFileType = sourcecode.swift; path = ModelManagerView.swift; sourceTree = "<group>"; };
		AA100060 /* ToolbarView.swift */ = {isa = PBXFileReference; lastKnownFileType = sourcecode.swift; path = ToolbarView.swift; sourceTree = "<group>"; };
		AA10006L /* KeyboardPanelView.swift */ = {isa = PBXFileReference; lastKnownFileType = sourcecode.swift; path = KeyboardPanelView.swift; sourceTree = "<group>"; };
		AA100061 /* RecordingOverlay.swift */ = {isa = PBXFileReference; lastKnownFileType = sourcecode.swift; path = RecordingOverlay.swift; sourceTree = "<group>"; };
		AA361011 /* SmartModeFanView.swift */ = {isa = PBXFileReference; lastKnownFileType = sourcecode.swift; path = SmartModeFanView.swift; sourceTree = "<group>"; };
		AA100062 /* KeyboardWaveformView.swift */ = {isa = PBXFileReference; lastKnownFileType = sourcecode.swift; path = KeyboardWaveformView.swift; sourceTree = "<group>"; };
		AA100071 /* TestDictationView.swift */ = {isa = PBXFileReference; lastKnownFileType = sourcecode.swift; path = TestDictationView.swift; sourceTree = "<group>"; };
		AA100090 /* MainTabView.swift */ = {isa = PBXFileReference; lastKnownFileType = sourcecode.swift; path = MainTabView.swift; sourceTree = "<group>"; };
		AA100091 /* HomeView.swift */ = {isa = PBXFileReference; lastKnownFileType = sourcecode.swift; path = HomeView.swift; sourceTree = "<group>"; };
		AA100092 /* DiagnosticDetailView.swift */ = {isa = PBXFileReference; lastKnownFileType = sourcecode.swift; path = DiagnosticDetailView.swift; sourceTree = "<group>"; };
		AA1000A0 /* OnboardingView.swift */ = {isa = PBXFileReference; lastKnownFileType = sourcecode.swift; path = OnboardingView.swift; sourceTree = "<group>"; };
		AA1000A1 /* WelcomePage.swift */ = {isa = PBXFileReference; lastKnownFileType = sourcecode.swift; path = WelcomePage.swift; sourceTree = "<group>"; };
		AA1000A2 /* MicPermissionPage.swift */ = {isa = PBXFileReference; lastKnownFileType = sourcecode.swift; path = MicPermissionPage.swift; sourceTree = "<group>"; };
		AA1000A3 /* KeyboardSetupPage.swift */ = {isa = PBXFileReference; lastKnownFileType = sourcecode.swift; path = KeyboardSetupPage.swift; sourceTree = "<group>"; };
		AA1000A4 /* ModelDownloadPage.swift */ = {isa = PBXFileReference; lastKnownFileType = sourcecode.swift; path = ModelDownloadPage.swift; sourceTree = "<group>"; };
		AA1000A5 /* GlobeKeyTutorialPage.swift */ = {isa = PBXFileReference; lastKnownFileType = sourcecode.swift; path = GlobeKeyTutorialPage.swift; sourceTree = "<group>"; };
		AA1000A6 /* SettingsView.swift */ = {isa = PBXFileReference; lastKnownFileType = sourcecode.swift; path = SettingsView.swift; sourceTree = "<group>"; };
		AA1000A7 /* LicensesView.swift */ = {isa = PBXFileReference; lastKnownFileType = sourcecode.swift; path = LicensesView.swift; sourceTree = "<group>"; };
		AA1000A8 /* DebugLogView.swift */ = {isa = PBXFileReference; lastKnownFileType = sourcecode.swift; path = DebugLogView.swift; sourceTree = "<group>"; };
		AA1000A9 /* OnboardingSuccessView.swift */ = {isa = PBXFileReference; lastKnownFileType = sourcecode.swift; path = OnboardingSuccessView.swift; sourceTree = "<group>"; };
		AA1000B0 /* EmojiData.swift */ = {isa = PBXFileReference; lastKnownFileType = sourcecode.swift; path = EmojiData.swift; sourceTree = "<group>"; };
		AA1000B1 /* RecentEmojis.swift */ = {isa = PBXFileReference; lastKnownFileType = sourcecode.swift; path = RecentEmojis.swift; sourceTree = "<group>"; };
		AA1000B2 /* EmojiPickerView.swift */ = {isa = PBXFileReference; lastKnownFileType = sourcecode.swift; path = EmojiPickerView.swift; sourceTree = "<group>"; };
		AA1000B3 /* EmojiCategoryBar.swift */ = {isa = PBXFileReference; lastKnownFileType = sourcecode.swift; path = EmojiCategoryBar.swift; sourceTree = "<group>"; };
		AA1000B4 /* EmojiSearchFR.swift */ = {isa = PBXFileReference; lastKnownFileType = sourcecode.swift; path = EmojiSearchFR.swift; sourceTree = "<group>"; };
		AA1000C0 /* Assets.xcassets */ = {isa = PBXFileReference; lastKnownFileType = folder.assetcatalog; path = Assets.xcassets; sourceTree = "<group>"; };
		AA1000C1 /* Settings.bundle */ = {isa = PBXFileReference; lastKnownFileType = "wrapper.plug-in"; path = Settings.bundle; sourceTree = "<group>"; };
		AA1000D0 /* TextPredictionEngine.swift */ = {isa = PBXFileReference; lastKnownFileType = sourcecode.swift; path = TextPredictionEngine.swift; sourceTree = "<group>"; };
		AA1000D1 /* SuggestionState.swift */ = {isa = PBXFileReference; lastKnownFileType = sourcecode.swift; path = SuggestionState.swift; sourceTree = "<group>"; };
		AA1000D2 /* fr_frequency.json */ = {isa = PBXFileReference; lastKnownFileType = text.json; path = fr_frequency.json; sourceTree = "<group>"; };
		AA1000D3 /* en_frequency.json */ = {isa = PBXFileReference; lastKnownFileType = text.json; path = en_frequency.json; sourceTree = "<group>"; };
		AA1000D5 /* es_frequency.json */ = {isa = PBXFileReference; lastKnownFileType = text.json; path = es_frequency.json; sourceTree = "<group>"; };
		AA1000D6 /* de_frequency.json */ = {isa = PBXFileReference; lastKnownFileType = text.json; path = de_frequency.json; sourceTree = "<group>"; };
		AA1000D4 /* SuggestionBarView.swift */ = {isa = PBXFileReference; lastKnownFileType = sourcecode.swift; path = SuggestionBarView.swift; sourceTree = "<group>"; };
		AA1000E0 /* KeyboardModePicker.swift */ = {isa = PBXFileReference; lastKnownFileType = sourcecode.swift; path = KeyboardModePicker.swift; sourceTree = "<group>"; };
		AA1000EA /* PolishTogglePage.swift */ = {isa = PBXFileReference; lastKnownFileType = sourcecode.swift; path = PolishTogglePage.swift; sourceTree = "<group>"; };
		AA1000E2 /* GaugeBarView.swift */ = {isa = PBXFileReference; lastKnownFileType = sourcecode.swift; path = GaugeBarView.swift; sourceTree = "<group>"; };
		AA1000E3 /* ModelCardView.swift */ = {isa = PBXFileReference; lastKnownFileType = sourcecode.swift; path = ModelCardView.swift; sourceTree = "<group>"; };
		AA1000E4 /* SwipeBackOverlayView.swift */ = {isa = PBXFileReference; lastKnownFileType = sourcecode.swift; path = SwipeBackOverlayView.swift; sourceTree = "<group>"; };
		AA100300 /* CyclingLoadingText.swift */ = {isa = PBXFileReference; lastKnownFileType = sourcecode.swift; path = CyclingLoadingText.swift; sourceTree = "<group>"; };
		AA100301 /* ModelLoadingOverlay.swift */ = {isa = PBXFileReference; lastKnownFileType = sourcecode.swift; path = ModelLoadingOverlay.swift; sourceTree = "<group>"; };
		AA100302 /* ModelLanguageDetailView.swift */ = {isa = PBXFileReference; lastKnownFileType = sourcecode.swift; path = ModelLanguageDetailView.swift; sourceTree = "<group>"; };
		AA1000F0 /* SpeechModelProtocol.swift */ = {isa = PBXFileReference; lastKnownFileType = sourcecode.swift; path = SpeechModelProtocol.swift; sourceTree = "<group>"; };
		AA1000F1 /* ParakeetEngine.swift */ = {isa = PBXFileReference; lastKnownFileType = sourcecode.swift; path = ParakeetEngine.swift; sourceTree = "<group>"; };
		AA1000F2 /* SoundFeedbackService.swift */ = {isa = PBXFileReference; lastKnownFileType = sourcecode.swift; path = SoundFeedbackService.swift; sourceTree = "<group>"; };
		AA1000F3 /* SoundSettingsView.swift */ = {isa = PBXFileReference; lastKnownFileType = sourcecode.swift; path = SoundSettingsView.swift; sourceTree = "<group>"; };
		AA1000F4 /* Sounds */ = {isa = PBXFileReference; lastKnownFileType = folder; name = Sounds; path = Dictus/Sounds; sourceTree = SOURCE_ROOT; };
		AA1000F5 /* LiveActivityManager.swift */ = {isa = PBXFileReference; lastKnownFileType = sourcecode.swift; path = LiveActivityManager.swift; sourceTree = "<group>"; };
		AA10P201 /* PolishAvailability.swift */ = {isa = PBXFileReference; lastKnownFileType = sourcecode.swift; path = PolishAvailability.swift; sourceTree = "<group>"; };
		AA10P203 /* PolishCoordinator.swift */ = {isa = PBXFileReference; lastKnownFileType = sourcecode.swift; path = PolishCoordinator.swift; sourceTree = "<group>"; };
		AA10P204 /* PolishMetricsRing.swift */ = {isa = PBXFileReference; lastKnownFileType = sourcecode.swift; path = PolishMetricsRing.swift; sourceTree = "<group>"; };
		AA10P205 /* PolishDebugView.swift */ = {isa = PBXFileReference; lastKnownFileType = sourcecode.swift; path = PolishDebugView.swift; sourceTree = "<group>"; };
		AA10P207 /* PolishDebugExporter.swift */ = {isa = PBXFileReference; lastKnownFileType = sourcecode.swift; path = PolishDebugExporter.swift; sourceTree = "<group>"; };
		AA1000G0 /* KeyTapSignposter.swift */ = {isa = PBXFileReference; lastKnownFileType = sourcecode.swift; path = KeyTapSignposter.swift; sourceTree = "<group>"; };
		SS100001 /* SubscriptionManager.swift */ = {isa = PBXFileReference; lastKnownFileType = sourcecode.swift; path = SubscriptionManager.swift; sourceTree = "<group>"; };
		SS100002 /* PaywallView.swift */ = {isa = PBXFileReference; lastKnownFileType = sourcecode.swift; path = PaywallView.swift; sourceTree = "<group>"; };
		AA361013 /* SmartModeListView.swift */ = {isa = PBXFileReference; lastKnownFileType = sourcecode.swift; path = SmartModeListView.swift; sourceTree = "<group>"; };
		SS100009 /* PaywallPresentation.swift */ = {isa = PBXFileReference; lastKnownFileType = sourcecode.swift; path = PaywallPresentation.swift; sourceTree = "<group>"; };
		AA700170 /* HistoryView.swift */ = {isa = PBXFileReference; lastKnownFileType = sourcecode.swift; path = HistoryView.swift; sourceTree = "<group>"; };
		AA700171 /* TranscriptionDetailView.swift */ = {isa = PBXFileReference; lastKnownFileType = sourcecode.swift; path = TranscriptionDetailView.swift; sourceTree = "<group>"; };
		AA700172 /* SwipeUpHintView.swift */ = {isa = PBXFileReference; lastKnownFileType = sourcecode.swift; path = SwipeUpHintView.swift; sourceTree = "<group>"; };
		SS100003 /* ProBannerView.swift */ = {isa = PBXFileReference; lastKnownFileType = sourcecode.swift; path = ProBannerView.swift; sourceTree = "<group>"; };
		SS100004 /* StoreKitConfig.storekit */ = {isa = PBXFileReference; lastKnownFileType = text; path = StoreKitConfig.storekit; sourceTree = "<group>"; };
		AA100P10 /* PrivacyInfo.xcprivacy */ = {isa = PBXFileReference; lastKnownFileType = text.xml; path = PrivacyInfo.xcprivacy; sourceTree = "<group>"; };
		AA100P20 /* PrivacyInfo.xcprivacy */ = {isa = PBXFileReference; lastKnownFileType = text.xml; path = PrivacyInfo.xcprivacy; sourceTree = "<group>"; };
		AA200001 /* DictusApp.app */ = {isa = PBXFileReference; explicitFileType = wrapper.application; includeInIndex = 0; path = DictusApp.app; sourceTree = BUILT_PRODUCTS_DIR; };
		AA200002 /* DictusKeyboard.appex */ = {isa = PBXFileReference; explicitFileType = "wrapper.app-extension"; includeInIndex = 0; path = DictusKeyboard.appex; sourceTree = BUILT_PRODUCTS_DIR; };
		BB100001 /* DictusWidgetBundle.swift */ = {isa = PBXFileReference; lastKnownFileType = sourcecode.swift; path = DictusWidgetBundle.swift; sourceTree = "<group>"; };
		BB100002 /* DictusLiveActivity.swift */ = {isa = PBXFileReference; lastKnownFileType = sourcecode.swift; path = DictusLiveActivity.swift; sourceTree = "<group>"; };
		BB100003 /* DictusWidgets.entitlements */ = {isa = PBXFileReference; lastKnownFileType = text.plist.entitlements; path = DictusWidgets.entitlements; sourceTree = "<group>"; };
		BB100004 /* Info.plist */ = {isa = PBXFileReference; lastKnownFileType = text.plist.xml; path = Info.plist; sourceTree = "<group>"; };
		BB100005 /* StopStandbyIntent.swift */ = {isa = PBXFileReference; lastKnownFileType = sourcecode.swift; path = StopStandbyIntent.swift; sourceTree = "<group>"; };
		BB200001 /* DictusWidgets.appex */ = {isa = PBXFileReference; explicitFileType = "wrapper.app-extension"; includeInIndex = 0; path = DictusWidgets.appex; sourceTree = BUILT_PRODUCTS_DIR; };
		CC100030 /* KeyboardMetrics.swift */ = {isa = PBXFileReference; lastKnownFileType = sourcecode.swift; path = KeyboardMetrics.swift; sourceTree = "<group>"; };
		CC100050 /* KeySoundPolicy.swift */ = {isa = PBXFileReference; lastKnownFileType = sourcecode.swift; path = KeySoundPolicy.swift; sourceTree = "<group>"; };
		CC100010 /* KeyboardLayouts.swift */ = {isa = PBXFileReference; lastKnownFileType = sourcecode.swift; path = KeyboardLayouts.swift; sourceTree = "<group>"; };
		CC100020 /* DictusKeyboardBridge.swift */ = {isa = PBXFileReference; lastKnownFileType = sourcecode.swift; path = DictusKeyboardBridge.swift; sourceTree = "<group>"; };
		CC100040 /* HostInputTraits.swift */ = {isa = PBXFileReference; lastKnownFileType = sourcecode.swift; path = HostInputTraits.swift; sourceTree = "<group>"; };
		CC100001 /* GiellaUtils.swift */ = {isa = PBXFileReference; lastKnownFileType = sourcecode.swift; path = GiellaUtils.swift; sourceTree = "<group>"; };
		CC100002 /* KeyDefinition.swift */ = {isa = PBXFileReference; lastKnownFileType = sourcecode.swift; path = KeyDefinition.swift; sourceTree = "<group>"; };
		CC100003 /* KeyboardDefinition.swift */ = {isa = PBXFileReference; lastKnownFileType = sourcecode.swift; path = KeyboardDefinition.swift; sourceTree = "<group>"; };
		CC100004 /* Theme.swift */ = {isa = PBXFileReference; lastKnownFileType = sourcecode.swift; path = Theme.swift; sourceTree = "<group>"; };
		CC100005 /* DeviceContext.swift */ = {isa = PBXFileReference; lastKnownFileType = sourcecode.swift; path = DeviceContext.swift; sourceTree = "<group>"; };
		CC100006 /* KeyboardHeightProvider.swift */ = {isa = PBXFileReference; lastKnownFileType = sourcecode.swift; path = KeyboardHeightProvider.swift; sourceTree = "<group>"; };
		CC100007 /* InputContext.swift */ = {isa = PBXFileReference; lastKnownFileType = sourcecode.swift; path = InputContext.swift; sourceTree = "<group>"; };
		CC100008 /* SystemKeys.swift */ = {isa = PBXFileReference; lastKnownFileType = sourcecode.swift; path = SystemKeys.swift; sourceTree = "<group>"; };
		CC100009 /* KeyboardView.swift */ = {isa = PBXFileReference; lastKnownFileType = sourcecode.swift; path = KeyboardView.swift; sourceTree = "<group>"; };
		CC10000A /* KeyView.swift */ = {isa = PBXFileReference; lastKnownFileType = sourcecode.swift; path = KeyView.swift; sourceTree = "<group>"; };
		CC10000B /* KeyOverlayView.swift */ = {isa = PBXFileReference; lastKnownFileType = sourcecode.swift; path = KeyOverlayView.swift; sourceTree = "<group>"; };
		CC10000C /* LongPressController.swift */ = {isa = PBXFileReference; lastKnownFileType = sourcecode.swift; path = LongPressController.swift; sourceTree = "<group>"; };
		CC10000D /* DeadKeyHandler.swift */ = {isa = PBXFileReference; lastKnownFileType = sourcecode.swift; path = DeadKeyHandler.swift; sourceTree = "<group>"; };
		CC10000E /* Audio.swift */ = {isa = PBXFileReference; lastKnownFileType = sourcecode.swift; path = Audio.swift; sourceTree = "<group>"; };
		EE100001 /* dictus_trie.cpp */ = {isa = PBXFileReference; lastKnownFileType = sourcecode.cpp.cpp; path = dictus_trie.cpp; sourceTree = "<group>"; };
		EE100002 /* dictus_scorer.cpp */ = {isa = PBXFileReference; lastKnownFileType = sourcecode.cpp.cpp; path = dictus_scorer.cpp; sourceTree = "<group>"; };
		EE100003 /* dictus_proximity.cpp */ = {isa = PBXFileReference; lastKnownFileType = sourcecode.cpp.cpp; path = dictus_proximity.cpp; sourceTree = "<group>"; };
		EE100004 /* AOSPTrieBridge.mm */ = {isa = PBXFileReference; lastKnownFileType = sourcecode.cpp.objcpp; path = AOSPTrieBridge.mm; sourceTree = "<group>"; };
		EE100005 /* AOSPTrieEngine.swift */ = {isa = PBXFileReference; lastKnownFileType = sourcecode.swift; path = AOSPTrieEngine.swift; sourceTree = "<group>"; };
		EE100006 /* fr_spellcheck.dict */ = {isa = PBXFileReference; lastKnownFileType = "compiled"; path = fr_spellcheck.dict; sourceTree = "<group>"; };
		EE100007 /* en_spellcheck.dict */ = {isa = PBXFileReference; lastKnownFileType = "compiled"; path = en_spellcheck.dict; sourceTree = "<group>"; };
		EE100008 /* AOSPTrieBridge.h */ = {isa = PBXFileReference; lastKnownFileType = sourcecode.c.h; path = AOSPTrieBridge.h; sourceTree = "<group>"; };
		EE100009 /* DictusKeyboard-Bridging-Header.h */ = {isa = PBXFileReference; lastKnownFileType = sourcecode.c.h; path = "DictusKeyboard-Bridging-Header.h"; sourceTree = "<group>"; };
		EE10000A /* dictus_trie.h */ = {isa = PBXFileReference; lastKnownFileType = sourcecode.c.h; path = dictus_trie.h; sourceTree = "<group>"; };
		EE10000B /* dictus_scorer.h */ = {isa = PBXFileReference; lastKnownFileType = sourcecode.c.h; path = dictus_scorer.h; sourceTree = "<group>"; };
		EE10000C /* dictus_proximity.h */ = {isa = PBXFileReference; lastKnownFileType = sourcecode.c.h; path = dictus_proximity.h; sourceTree = "<group>"; };
		EE10000D /* dictus_trie_format.h */ = {isa = PBXFileReference; lastKnownFileType = sourcecode.c.h; path = dictus_trie_format.h; sourceTree = "<group>"; };
		EE100008A /* dictus_ngram.cpp */ = {isa = PBXFileReference; lastKnownFileType = sourcecode.cpp.cpp; path = dictus_ngram.cpp; sourceTree = "<group>"; };
		EE10000E /* dictus_ngram.h */ = {isa = PBXFileReference; lastKnownFileType = sourcecode.c.h; path = dictus_ngram.h; sourceTree = "<group>"; };
		EE10000F /* dictus_ngram_format.h */ = {isa = PBXFileReference; lastKnownFileType = sourcecode.c.h; path = dictus_ngram_format.h; sourceTree = "<group>"; };
		EE100009A /* fr_ngrams.dict */ = {isa = PBXFileReference; lastKnownFileType = "compiled"; path = fr_ngrams.dict; sourceTree = "<group>"; };
		EE10000AA /* en_ngrams.dict */ = {isa = PBXFileReference; lastKnownFileType = "compiled"; path = en_ngrams.dict; sourceTree = "<group>"; };
		EE1ES001 /* es_spellcheck.dict */ = {isa = PBXFileReference; lastKnownFileType = "compiled"; path = es_spellcheck.dict; sourceTree = "<group>"; };
		EE1ES002 /* es_ngrams.dict */ = {isa = PBXFileReference; lastKnownFileType = "compiled"; path = es_ngrams.dict; sourceTree = "<group>"; };
		EE1DE001 /* de_spellcheck.dict */ = {isa = PBXFileReference; lastKnownFileType = "compiled"; path = de_spellcheck.dict; sourceTree = "<group>"; };
		EE1DE002 /* de_ngrams.dict */ = {isa = PBXFileReference; lastKnownFileType = "compiled"; path = de_ngrams.dict; sourceTree = "<group>"; };
/* End PBXFileReference section */

/* Begin PBXFrameworksBuildPhase section */
		AA300001 /* Frameworks */ = {
			isa = PBXFrameworksBuildPhase;
			buildActionMask = 2147483647;
			files = (
				4647AD312F76AAA5003C3546 /* FluidAudio in Frameworks */,
				AA000010 /* DictusCore in Frameworks */,
				AA000042 /* WhisperKit in Frameworks */,
				4647AD302F76AAA5003C3546 /* RecordingView.swift in Frameworks */,
			);
			runOnlyForDeploymentPostprocessing = 0;
		};
		AA300002 /* Frameworks */ = {
			isa = PBXFrameworksBuildPhase;
			buildActionMask = 2147483647;
			files = (
				AA000011 /* DictusCore in Frameworks */,
				CC00000F /* DeviceKit in Frameworks */,
			);
			runOnlyForDeploymentPostprocessing = 0;
		};
		BB300001 /* Frameworks */ = {
			isa = PBXFrameworksBuildPhase;
			buildActionMask = 2147483647;
			files = (
				BB000010 /* DictusCore in Frameworks */,
			);
			runOnlyForDeploymentPostprocessing = 0;
		};
/* End PBXFrameworksBuildPhase section */

/* Begin PBXGroup section */
		AA400000 = {
			isa = PBXGroup;
			children = (
				AA400001 /* DictusApp */,
				AA400002 /* DictusKeyboard */,
				BB400001 /* DictusWidgets */,
				AA400003 /* DictusCore (local package) */,
				AA400004 /* Products */,
			);
			sourceTree = "<group>";
		};
		AA400001 /* DictusApp */ = {
			isa = PBXGroup;
			children = (
				AA100001 /* DictusApp.swift */,
				AA100002 /* ContentView.swift */,
				AA100009 /* DictationCoordinator.swift */,
				AA100264 /* ColdStartLaunch.swift */,
				AA100311 /* ColdStartResolution.swift */,
				AA100361 /* DictationHandoff.swift */,
				AA423003 /* SmartModeDisplayName.swift */,
				AA100428 /* DictationCoordinator+ModelLoad.swift */,
				AA10000A /* DictationView.swift */,
				AA1000F5 /* LiveActivityManager.swift */,
				SS400001 /* Subscription */,
				AA400007 /* Audio */,
				AA40000B /* Onboarding */,
				AA40P200 /* Polish */,
				AA400008 /* Views */,
				AA400009 /* Models */,
				AA40000F /* Services */,
				AA40000L /* Extensions */,
				AA1000L1 /* Localizable.xcstrings */,
				AA1000C0 /* Assets.xcassets */,
				AA1000C1 /* Settings.bundle */,
				AA1000F4 /* Sounds */,
				AA100005 /* DictusApp.entitlements */,
				AA100007 /* Info.plist */,
				AA100P10 /* PrivacyInfo.xcprivacy */,
				AA100202 /* DictusApp-Bridging-Header.h */,
			);
			path = DictusApp;
			sourceTree = "<group>";
		};
		AA400002 /* DictusKeyboard */ = {
			isa = PBXGroup;
			children = (
				AA100003 /* KeyboardViewController.swift */,
				AA100004 /* KeyboardRootView.swift */,
				AA10000B /* KeyboardState.swift */,
				AA1000F6 /* KeyboardLifecycleProbe.swift */,
				AA361003 /* KeyboardPolishCoordinator.swift */,
				AA361007 /* KeyboardPolishStage.swift */,
				AA361009 /* KeyboardSmartModeFan.swift */,
				AA423001 /* SmartModeDisplayName.swift */,
				AA361005 /* TextProxyIdentity.h */,
				AA361001 /* TextProxyIdentity.m */,
				AA100030 /* InputView.swift */,
				CC100030 /* KeyboardMetrics.swift */,
				CC100050 /* KeySoundPolicy.swift */,
				CC100010 /* KeyboardLayouts.swift */,
				CC100020 /* DictusKeyboardBridge.swift */,
				CC100040 /* HostInputTraits.swift */,
				CC400001 /* Vendored */,
				AA400005 /* Views */,
				AA400006 /* Models */,
				AA40000D /* TextPrediction */,
				AA400010 /* TouchHandling */,
				AA40000E /* Resources */,
				AA1000L2 /* Localizable.xcstrings */,
				AA100006 /* DictusKeyboard.entitlements */,
				AA100008 /* Info.plist */,
				AA100P20 /* PrivacyInfo.xcprivacy */,
				EE100009 /* DictusKeyboard-Bridging-Header.h */,
			);
			path = DictusKeyboard;
			sourceTree = "<group>";
		};
		AA400003 /* DictusCore (local package) */ = {
			isa = PBXGroup;
			children = (
			);
			name = "DictusCore (local package)";
			sourceTree = "<group>";
		};
		AA400004 /* Products */ = {
			isa = PBXGroup;
			children = (
				AA200001 /* DictusApp.app */,
				AA200002 /* DictusKeyboard.appex */,
				BB200001 /* DictusWidgets.appex */,
			);
			name = Products;
			sourceTree = "<group>";
		};
		AA400005 /* Views */ = {
			isa = PBXGroup;
			children = (
				AA10000C /* MicButtonDisabled.swift */,
				AA100035 /* FullAccessBanner.swift */,
				AA100060 /* ToolbarView.swift */,
				AA10006L /* KeyboardPanelView.swift */,
				AA100061 /* RecordingOverlay.swift */,
				AA361011 /* SmartModeFanView.swift */,
				AA100062 /* KeyboardWaveformView.swift */,
				AA1000B2 /* EmojiPickerView.swift */,
				AA1000B3 /* EmojiCategoryBar.swift */,
				AA1000D4 /* SuggestionBarView.swift */,
			);
			path = Views;
			sourceTree = "<group>";
		};
		AA400006 /* Models */ = {
			isa = PBXGroup;
			children = (
				AA100036 /* KeyDefinition.swift */,
				AA100037 /* KeyboardLayer.swift */,
				AA100038 /* KeyboardLayout.swift */,
				AA1000B0 /* EmojiData.swift */,
				AA1000B1 /* RecentEmojis.swift */,
				AA1000B4 /* EmojiSearchFR.swift */,
			);
			path = Models;
			sourceTree = "<group>";
		};
		AA400007 /* Audio */ = {
			isa = PBXGroup;
			children = (
				AA1000F1 /* ParakeetEngine.swift */,
				AA1000F0 /* SpeechModelProtocol.swift */,
				AA100041 /* TranscriptionService.swift */,
				AA100045 /* UnifiedAudioEngine.swift */,
				AA1003A1 /* WhisperComputeOptions.swift */,
				AA1003B0 /* DictationFailureMessage.swift */,
				AA100201 /* ObjCExceptionCatcher.h */,
				AA100200 /* ObjCExceptionCatcher.m */,
			);
			path = Audio;
			sourceTree = "<group>";
		};
		AA40P200 /* Polish */ = {
			isa = PBXGroup;
			children = (
				AA10P201 /* PolishAvailability.swift */,
				AA10P203 /* PolishCoordinator.swift */,
				AA10P204 /* PolishMetricsRing.swift */,
				AA10P205 /* PolishDebugView.swift */,
				AA10P207 /* PolishDebugExporter.swift */,
				AA40P210 /* Prompts */,
			);
			path = Polish;
			sourceTree = "<group>";
		};
		AA40P210 /* Prompts */ = {
			isa = PBXGroup;
			children = (
			);
			path = Prompts;
			sourceTree = "<group>";
		};
		AA400008 /* Views */ = {
			isa = PBXGroup;
			children = (
				AA100090 /* MainTabView.swift */,
				AA100091 /* HomeView.swift */,
				AA100043 /* RecordingView.swift */,
				AA100051 /* ModelManagerView.swift */,
				AA100071 /* TestDictationView.swift */,
				AA100092 /* DiagnosticDetailView.swift */,
				AA1000A6 /* SettingsView.swift */,
				AA1000A7 /* LicensesView.swift */,
				AA1000A8 /* DebugLogView.swift */,
				AA1000E0 /* KeyboardModePicker.swift */,
				AA1000E2 /* GaugeBarView.swift */,
				AA1000E3 /* ModelCardView.swift */,
				AA100302 /* ModelLanguageDetailView.swift */,
				AA1000E4 /* SwipeBackOverlayView.swift */,
				AA1000F3 /* SoundSettingsView.swift */,
				AA100300 /* CyclingLoadingText.swift */,
				AA100301 /* ModelLoadingOverlay.swift */,
				SS100002 /* PaywallView.swift */,
				AA361013 /* SmartModeListView.swift */,
				SS100009 /* PaywallPresentation.swift */,
				AA700170 /* HistoryView.swift */,
				AA700171 /* TranscriptionDetailView.swift */,
				AA700172 /* SwipeUpHintView.swift */,
				SS100003 /* ProBannerView.swift */,
			);
			path = Views;
			sourceTree = "<group>";
		};
		SS400001 /* Subscription */ = {
			isa = PBXGroup;
			children = (
				SS100001 /* SubscriptionManager.swift */,
				SS100004 /* StoreKitConfig.storekit */,
			);
			path = Subscription;
			sourceTree = "<group>";
		};
		AA400009 /* Models */ = {
			isa = PBXGroup;
			children = (
				AA100050 /* ModelManager.swift */,
				AA100052 /* ModelRepoDownloader.swift */,
			);
			path = Models;
			sourceTree = "<group>";
		};
		AA40000B /* Onboarding */ = {
			isa = PBXGroup;
			children = (
				AA1000A0 /* OnboardingView.swift */,
				AA1000A1 /* WelcomePage.swift */,
				AA1000A2 /* MicPermissionPage.swift */,
				AA1000A3 /* KeyboardSetupPage.swift */,
				AA1000A4 /* ModelDownloadPage.swift */,
				AA1000A5 /* GlobeKeyTutorialPage.swift */,
				AA1000EA /* PolishTogglePage.swift */,
				AA1000A9 /* OnboardingSuccessView.swift */,
			);
			path = Onboarding;
			sourceTree = "<group>";
		};
		AA40000D /* TextPrediction */ = {
			isa = PBXGroup;
			children = (
				AA1000D0 /* TextPredictionEngine.swift */,
				AA1000D1 /* SuggestionState.swift */,
				EE100005 /* AOSPTrieEngine.swift */,
			);
			path = TextPrediction;
			sourceTree = "<group>";
		};
		AA40000E /* Resources */ = {
			isa = PBXGroup;
			children = (
				AA1000D2 /* fr_frequency.json */,
				AA1000D3 /* en_frequency.json */,
				AA1000D5 /* es_frequency.json */,
				AA1000D6 /* de_frequency.json */,
				EE100006 /* fr_spellcheck.dict */,
				EE100007 /* en_spellcheck.dict */,
				EE1ES001 /* es_spellcheck.dict */,
				EE1DE001 /* de_spellcheck.dict */,
				EE100009A /* fr_ngrams.dict */,
				EE10000AA /* en_ngrams.dict */,
				EE1ES002 /* es_ngrams.dict */,
				EE1DE002 /* de_ngrams.dict */,
			);
			path = Resources;
			sourceTree = "<group>";
		};
		AA40000F /* Services */ = {
			isa = PBXGroup;
			children = (
				AA1000F2 /* SoundFeedbackService.swift */,
			);
			path = Services;
			sourceTree = "<group>";
		};
		AA400010 /* TouchHandling */ = {
			isa = PBXGroup;
			children = (
				AA1000G0 /* KeyTapSignposter.swift */,
			);
			path = TouchHandling;
			sourceTree = "<group>";
		};
		BB400001 /* DictusWidgets */ = {
			isa = PBXGroup;
			children = (
				BB100001 /* DictusWidgetBundle.swift */,
				BB100002 /* DictusLiveActivity.swift */,
				BB100005 /* StopStandbyIntent.swift */,
				BB100003 /* DictusWidgets.entitlements */,
				BB100004 /* Info.plist */,
			);
			path = DictusWidgets;
			sourceTree = "<group>";
		};
		CC400001 /* Vendored */ = {
			isa = PBXGroup;
			children = (
				CC100001 /* GiellaUtils.swift */,
				CC400002 /* Views */,
				CC400003 /* Models */,
				CC400004 /* Controllers */,
				EE400001 /* AOSPTrie */,
			);
			path = Vendored;
			sourceTree = "<group>";
		};
		EE400001 /* AOSPTrie */ = {
			isa = PBXGroup;
			children = (
				EE400002 /* include */,
				EE400003 /* src */,
				EE400004 /* bridge */,
			);
			path = AOSPTrie;
			sourceTree = "<group>";
		};
		EE400002 /* include */ = {
			isa = PBXGroup;
			children = (
				EE10000A /* dictus_trie.h */,
				EE10000B /* dictus_scorer.h */,
				EE10000C /* dictus_proximity.h */,
				EE10000D /* dictus_trie_format.h */,
				EE10000E /* dictus_ngram.h */,
				EE10000F /* dictus_ngram_format.h */,
			);
			path = include;
			sourceTree = "<group>";
		};
		EE400003 /* src */ = {
			isa = PBXGroup;
			children = (
				EE100001 /* dictus_trie.cpp */,
				EE100002 /* dictus_scorer.cpp */,
				EE100003 /* dictus_proximity.cpp */,
				EE100008A /* dictus_ngram.cpp */,
			);
			path = src;
			sourceTree = "<group>";
		};
		EE400004 /* bridge */ = {
			isa = PBXGroup;
			children = (
				EE100008 /* AOSPTrieBridge.h */,
				EE100004 /* AOSPTrieBridge.mm */,
			);
			path = bridge;
			sourceTree = "<group>";
		};
		CC400002 /* Views */ = {
			isa = PBXGroup;
			children = (
				CC100009 /* KeyboardView.swift */,
				CC10000A /* KeyView.swift */,
				CC10000B /* KeyOverlayView.swift */,
			);
			path = Views;
			sourceTree = "<group>";
		};
		CC400003 /* Models */ = {
			isa = PBXGroup;
			children = (
				CC100002 /* KeyDefinition.swift */,
				CC100003 /* KeyboardDefinition.swift */,
				CC100004 /* Theme.swift */,
				CC100005 /* DeviceContext.swift */,
				CC100006 /* KeyboardHeightProvider.swift */,
				CC100007 /* InputContext.swift */,
				CC100008 /* SystemKeys.swift */,
			);
			path = Models;
			sourceTree = "<group>";
		};
		CC400004 /* Controllers */ = {
			isa = PBXGroup;
			children = (
				CC10000C /* LongPressController.swift */,
				CC10000D /* DeadKeyHandler.swift */,
				CC10000E /* Audio.swift */,
			);
			path = Controllers;
			sourceTree = "<group>";
		};
		AA40000L /* Extensions */ = {
			isa = PBXGroup;
			children = (
				AA1000L0 /* ModelInfo+Localized.swift */,
			);
			path = Extensions;
			sourceTree = "<group>";
		};
/* End PBXGroup section */

/* Begin PBXNativeTarget section */
		AA500001 /* DictusApp */ = {
			isa = PBXNativeTarget;
			buildConfigurationList = AA700001 /* Build configuration list for PBXNativeTarget "DictusApp" */;
			buildPhases = (
				AA600001 /* Sources */,
				AA300001 /* Frameworks */,
				AA600003 /* Resources */,
				AA060001 /* Embed App Extensions */,
				AA060010 /* Generate build info */,
			);
			buildRules = (
			);
			dependencies = (
				AA070001 /* PBXTargetDependency */,
				BB070001 /* PBXTargetDependency */,
			);
			name = DictusApp;
			packageProductDependencies = (
				AA900010 /* DictusCore */,
				AA900020 /* WhisperKit */,
				AA900030 /* FluidAudio */,
			);
			productName = DictusApp;
			productReference = AA200001 /* DictusApp.app */;
			productType = "com.apple.product-type.application";
		};
		AA500002 /* DictusKeyboard */ = {
			isa = PBXNativeTarget;
			buildConfigurationList = AA700002 /* Build configuration list for PBXNativeTarget "DictusKeyboard" */;
			buildPhases = (
				AA600002 /* Sources */,
				AA300002 /* Frameworks */,
				AA600004 /* Resources */,
				AA060011 /* Generate build info */,
			);
			buildRules = (
			);
			dependencies = (
			);
			name = DictusKeyboard;
			packageProductDependencies = (
				AA900011 /* DictusCore */,
				CC900001 /* DeviceKit */,
			);
			productName = DictusKeyboard;
			productReference = AA200002 /* DictusKeyboard.appex */;
			productType = "com.apple.product-type.app-extension";
		};
		BB500001 /* DictusWidgets */ = {
			isa = PBXNativeTarget;
			buildConfigurationList = BB700001 /* Build configuration list for PBXNativeTarget "DictusWidgets" */;
			buildPhases = (
				BB600001 /* Sources */,
				BB300001 /* Frameworks */,
				BB600002 /* Resources */,
				AA060012 /* Generate build info */,
			);
			buildRules = (
			);
			dependencies = (
			);
			name = DictusWidgets;
			packageProductDependencies = (
				BB900010 /* DictusCore */,
			);
			productName = DictusWidgets;
			productReference = BB200001 /* DictusWidgets.appex */;
			productType = "com.apple.product-type.app-extension";
		};
/* End PBXNativeTarget section */

/* Begin PBXProject section */
		AA000000 /* Project object */ = {
			isa = PBXProject;
			attributes = {
				BuildIndependentTargetsInParallel = 1;
				LastSwiftUpdateCheck = 1500;
				LastUpgradeCheck = 1500;
				TargetAttributes = {
					AA500001 = {
						CreatedOnToolsVersion = 15.0;
					};
					AA500002 = {
						CreatedOnToolsVersion = 15.0;
					};
					BB500001 = {
						CreatedOnToolsVersion = 15.0;
					};
				};
			};
			buildConfigurationList = AA700000 /* Build configuration list for PBXProject "Dictus" */;
			compatibilityVersion = "Xcode 14.0";
			developmentRegion = en;
			hasScannedForEncodings = 0;
			knownRegions = (
				en,
				fr,
				Base,
			);
			mainGroup = AA400000;
			packageReferences = (
				AA800001 /* XCLocalSwiftPackageReference "DictusCore" */,
				AA800002 /* XCRemoteSwiftPackageReference "WhisperKit" */,
				AA800003 /* XCRemoteSwiftPackageReference "FluidAudio" */,
				CC800001 /* XCRemoteSwiftPackageReference "DeviceKit" */,
			);
			productRefGroup = AA400004 /* Products */;
			projectDirPath = "";
			projectRoot = "";
			targets = (
				AA500001 /* DictusApp */,
				AA500002 /* DictusKeyboard */,
				BB500001 /* DictusWidgets */,
			);
		};
/* End PBXProject section */

/* Begin PBXResourcesBuildPhase section */
		AA600003 /* Resources */ = {
			isa = PBXResourcesBuildPhase;
			buildActionMask = 2147483647;
			files = (
				AA0000C0 /* Assets.xcassets in Resources */,
				AA0000C1 /* Settings.bundle in Resources */,
				AA0000F4 /* Sounds in Resources */,
				AA000P10 /* PrivacyInfo.xcprivacy in Resources */,
				AA0000L1 /* Localizable.xcstrings in Resources */,
			);
			runOnlyForDeploymentPostprocessing = 0;
		};
		AA600004 /* Resources */ = {
			isa = PBXResourcesBuildPhase;
			buildActionMask = 2147483647;
			files = (
				AA0000D2 /* fr_frequency.json in Resources */,
				AA0000D3 /* en_frequency.json in Resources */,
				AA0000D5 /* es_frequency.json in Resources */,
				AA0000D6 /* de_frequency.json in Resources */,
				AA000P20 /* PrivacyInfo.xcprivacy in Resources */,
				AA0000L2 /* Localizable.xcstrings in Resources */,
				EE000006 /* fr_spellcheck.dict in Resources */,
				EE000007 /* en_spellcheck.dict in Resources */,
				EE0ES001 /* es_spellcheck.dict in Resources */,
				EE0DE001 /* de_spellcheck.dict in Resources */,
				EE000009 /* fr_ngrams.dict in Resources */,
				EE00000A /* en_ngrams.dict in Resources */,
				EE0ES002 /* es_ngrams.dict in Resources */,
				EE0DE002 /* de_ngrams.dict in Resources */,
			);
			runOnlyForDeploymentPostprocessing = 0;
		};
		BB600002 /* Resources */ = {
			isa = PBXResourcesBuildPhase;
			buildActionMask = 2147483647;
			files = (
			);
			runOnlyForDeploymentPostprocessing = 0;
		};
/* End PBXResourcesBuildPhase section */

/* Begin PBXShellScriptBuildPhase section */
		AA060010 /* Generate build info */ = {
			isa = PBXShellScriptBuildPhase;
			alwaysOutOfDate = 1;
			buildActionMask = 2147483647;
			files = (
			);
			inputFileListPaths = (
			);
			inputPaths = (
			);
			name = "Generate build info";
			outputFileListPaths = (
			);
			outputPaths = (
			);
			runOnlyForDeploymentPostprocessing = 0;
			shellPath = /bin/sh;
			shellScript = "# Write the current git commit short SHA + branch into a generated resource inside\n# the built bundle, so PersistentLog can report at runtime which commit the binary\n# came from without any manual discipline.\n#\n# WHY a file of its own rather than the built Info.plist (#344): Info.plist is\n# produced by ProcessInfoPlistFile and nothing ordered this phase against it, so an\n# incremental build scheduled the two the other way round and the injected keys were\n# wiped. Nothing else produces DictusBuildInfo.plist, so no ordering question exists.\n#\n# The phase stays \"always out of date\" on purpose: HEAD moves without any input file\n# changing, so dependency analysis would skip it exactly when it matters.\nset -e\nGIT_COMMIT=$(cd \"$SRCROOT\" && git rev-parse --short HEAD 2>/dev/null || echo \"unknown\")\nGIT_BRANCH=$(cd \"$SRCROOT\" && git rev-parse --abbrev-ref HEAD 2>/dev/null || echo \"unknown\")\nBUILD_INFO=\"${TARGET_BUILD_DIR}/${UNLOCALIZED_RESOURCES_FOLDER_PATH}/DictusBuildInfo.plist\"\nmkdir -p \"$(dirname \"$BUILD_INFO\")\"\nrm -f \"$BUILD_INFO\"\n/usr/libexec/PlistBuddy \\\n  -c \"Add :GitCommitSHA string $GIT_COMMIT\" \\\n  -c \"Add :GitBranch string $GIT_BRANCH\" \\\n  \"$BUILD_INFO\" >/dev/null\necho \"note: build info ${GIT_COMMIT}@${GIT_BRANCH} -> ${BUILD_INFO}\"\n";
		};
		AA060011 /* Generate build info */ = {
			isa = PBXShellScriptBuildPhase;
			alwaysOutOfDate = 1;
			buildActionMask = 2147483647;
			files = (
			);
			inputFileListPaths = (
			);
			inputPaths = (
			);
			name = "Generate build info";
			outputFileListPaths = (
			);
			outputPaths = (
			);
			runOnlyForDeploymentPostprocessing = 0;
			shellPath = /bin/sh;
			shellScript = "# Write the current git commit short SHA + branch into a generated resource inside\n# the built bundle, so PersistentLog can report at runtime which commit the binary\n# came from without any manual discipline.\n#\n# WHY a file of its own rather than the built Info.plist (#344): Info.plist is\n# produced by ProcessInfoPlistFile and nothing ordered this phase against it, so an\n# incremental build scheduled the two the other way round and the injected keys were\n# wiped. Nothing else produces DictusBuildInfo.plist, so no ordering question exists.\n#\n# The phase stays \"always out of date\" on purpose: HEAD moves without any input file\n# changing, so dependency analysis would skip it exactly when it matters.\nset -e\nGIT_COMMIT=$(cd \"$SRCROOT\" && git rev-parse --short HEAD 2>/dev/null || echo \"unknown\")\nGIT_BRANCH=$(cd \"$SRCROOT\" && git rev-parse --abbrev-ref HEAD 2>/dev/null || echo \"unknown\")\nBUILD_INFO=\"${TARGET_BUILD_DIR}/${UNLOCALIZED_RESOURCES_FOLDER_PATH}/DictusBuildInfo.plist\"\nmkdir -p \"$(dirname \"$BUILD_INFO\")\"\nrm -f \"$BUILD_INFO\"\n/usr/libexec/PlistBuddy \\\n  -c \"Add :GitCommitSHA string $GIT_COMMIT\" \\\n  -c \"Add :GitBranch string $GIT_BRANCH\" \\\n  \"$BUILD_INFO\" >/dev/null\necho \"note: build info ${GIT_COMMIT}@${GIT_BRANCH} -> ${BUILD_INFO}\"\n";
		};
		AA060012 /* Generate build info */ = {
			isa = PBXShellScriptBuildPhase;
			alwaysOutOfDate = 1;
			buildActionMask = 2147483647;
			files = (
			);
			inputFileListPaths = (
			);
			inputPaths = (
			);
			name = "Generate build info";
			outputFileListPaths = (
			);
			outputPaths = (
			);
			runOnlyForDeploymentPostprocessing = 0;
			shellPath = /bin/sh;
			shellScript = "# Write the current git commit short SHA + branch into a generated resource inside\n# the built bundle, so PersistentLog can report at runtime which commit the binary\n# came from without any manual discipline.\n#\n# WHY a file of its own rather than the built Info.plist (#344): Info.plist is\n# produced by ProcessInfoPlistFile and nothing ordered this phase against it, so an\n# incremental build scheduled the two the other way round and the injected keys were\n# wiped. Nothing else produces DictusBuildInfo.plist, so no ordering question exists.\n#\n# The phase stays \"always out of date\" on purpose: HEAD moves without any input file\n# changing, so dependency analysis would skip it exactly when it matters.\nset -e\nGIT_COMMIT=$(cd \"$SRCROOT\" && git rev-parse --short HEAD 2>/dev/null || echo \"unknown\")\nGIT_BRANCH=$(cd \"$SRCROOT\" && git rev-parse --abbrev-ref HEAD 2>/dev/null || echo \"unknown\")\nBUILD_INFO=\"${TARGET_BUILD_DIR}/${UNLOCALIZED_RESOURCES_FOLDER_PATH}/DictusBuildInfo.plist\"\nmkdir -p \"$(dirname \"$BUILD_INFO\")\"\nrm -f \"$BUILD_INFO\"\n/usr/libexec/PlistBuddy \\\n  -c \"Add :GitCommitSHA string $GIT_COMMIT\" \\\n  -c \"Add :GitBranch string $GIT_BRANCH\" \\\n  \"$BUILD_INFO\" >/dev/null\necho \"note: build info ${GIT_COMMIT}@${GIT_BRANCH} -> ${BUILD_INFO}\"\n";
		};
/* End PBXShellScriptBuildPhase section */

/* Begin PBXSourcesBuildPhase section */
		AA600001 /* Sources */ = {
			isa = PBXSourcesBuildPhase;
			buildActionMask = 2147483647;
			files = (
				AA000001 /* DictusApp.swift in Sources */,
				AA000002 /* ContentView.swift in Sources */,
				AA000005 /* DictationCoordinator.swift in Sources */,
				AA000264 /* ColdStartLaunch.swift in Sources */,
				AA000311 /* ColdStartResolution.swift in Sources */,
				AA000361 /* DictationHandoff.swift in Sources */,
				AA423004 /* SmartModeDisplayName.swift in Sources */,
				AA000428 /* DictationCoordinator+ModelLoad.swift in Sources */,
				AA000006 /* DictationView.swift in Sources */,
				AA0000F5 /* LiveActivityManager.swift in Sources */,
				AA00P201 /* PolishAvailability.swift in Sources */,
				AA00P203 /* PolishCoordinator.swift in Sources */,
				AA00P204 /* PolishMetricsRing.swift in Sources */,
				AA00P205 /* PolishDebugView.swift in Sources */,
				AA00P207 /* PolishDebugExporter.swift in Sources */,
				AA000045 /* UnifiedAudioEngine.swift in Sources */,
				AA000200 /* ObjCExceptionCatcher.m in Sources */,
				AA000041 /* TranscriptionService.swift in Sources */,
				AA0003A1 /* WhisperComputeOptions.swift in Sources */,
				AA0003B0 /* DictationFailureMessage.swift in Sources */,
				AA000043 /* RecordingView.swift in Sources */,
				AA000050 /* ModelManager.swift in Sources */,
				AA000052 /* ModelRepoDownloader.swift in Sources */,
				AA000051 /* ModelManagerView.swift in Sources */,
				AA000071 /* TestDictationView.swift in Sources */,
				AA000090 /* MainTabView.swift in Sources */,
				AA000091 /* HomeView.swift in Sources */,
				AA000092 /* DiagnosticDetailView.swift in Sources */,
				AA0000A0 /* OnboardingView.swift in Sources */,
				AA0000A1 /* WelcomePage.swift in Sources */,
				AA0000A2 /* MicPermissionPage.swift in Sources */,
				AA0000A3 /* KeyboardSetupPage.swift in Sources */,
				AA0000A4 /* ModelDownloadPage.swift in Sources */,
				AA0000A5 /* GlobeKeyTutorialPage.swift in Sources */,
				AA0000A9 /* OnboardingSuccessView.swift in Sources */,
				AA0000A6 /* SettingsView.swift in Sources */,
				AA0000A7 /* LicensesView.swift in Sources */,
				AA0000A8 /* DebugLogView.swift in Sources */,
				AA0000E0 /* KeyboardModePicker.swift in Sources */,
				AA0000EA /* PolishTogglePage.swift in Sources */,
				AA0000F0 /* SpeechModelProtocol.swift in Sources */,
				AA0000F1 /* ParakeetEngine.swift in Sources */,
				AA0000E2 /* GaugeBarView.swift in Sources */,
				AA0000E3 /* ModelCardView.swift in Sources */,
				AA0000E4 /* SwipeBackOverlayView.swift in Sources */,
				AA000300 /* CyclingLoadingText.swift in Sources */,
				AA000301 /* ModelLoadingOverlay.swift in Sources */,
				AA000302 /* ModelLanguageDetailView.swift in Sources */,
				AA0000F2 /* SoundFeedbackService.swift in Sources */,
				AA0000F3 /* SoundSettingsView.swift in Sources */,
				AA0000F6 /* StopStandbyIntent.swift in Sources */,
				AA0000L0 /* ModelInfo+Localized.swift in Sources */,
				SS000001 /* SubscriptionManager.swift in Sources */,
				SS000002 /* PaywallView.swift in Sources */,
				AA361014 /* SmartModeListView.swift in Sources */,
				SS000009 /* PaywallPresentation.swift in Sources */,
				AA700070 /* HistoryView.swift in Sources */,
				AA700071 /* TranscriptionDetailView.swift in Sources */,
				AA700072 /* SwipeUpHintView.swift in Sources */,
				SS000003 /* ProBannerView.swift in Sources */,
			);
			runOnlyForDeploymentPostprocessing = 0;
		};
		AA600002 /* Sources */ = {
			isa = PBXSourcesBuildPhase;
			buildActionMask = 2147483647;
			files = (
				AA000003 /* KeyboardViewController.swift in Sources */,
				AA000004 /* KeyboardRootView.swift in Sources */,
				AA000007 /* KeyboardState.swift in Sources */,
				AA0000F7 /* KeyboardLifecycleProbe.swift in Sources */,
				AA361004 /* KeyboardPolishCoordinator.swift in Sources */,
				AA361008 /* KeyboardPolishStage.swift in Sources */,
				AA361010 /* KeyboardSmartModeFan.swift in Sources */,
				AA423002 /* SmartModeDisplayName.swift in Sources */,
				AA361002 /* TextProxyIdentity.m in Sources */,
				AA000008 /* MicButtonDisabled.swift in Sources */,
				AA000030 /* InputView.swift in Sources */,
				AA000035 /* FullAccessBanner.swift in Sources */,
				AA000037 /* KeyboardLayer.swift in Sources */,
				AA000060 /* ToolbarView.swift in Sources */,
				AA00006L /* KeyboardPanelView.swift in Sources */,
				AA000061 /* RecordingOverlay.swift in Sources */,
				AA361012 /* SmartModeFanView.swift in Sources */,
				AA000062 /* KeyboardWaveformView.swift in Sources */,
				AA0000B0 /* EmojiData.swift in Sources */,
				AA0000B1 /* RecentEmojis.swift in Sources */,
				AA0000B2 /* EmojiPickerView.swift in Sources */,
				AA0000B3 /* EmojiCategoryBar.swift in Sources */,
				AA0000B4 /* EmojiSearchFR.swift in Sources */,
				AA0000D0 /* TextPredictionEngine.swift in Sources */,
				AA0000D1 /* SuggestionState.swift in Sources */,
				AA0000D4 /* SuggestionBarView.swift in Sources */,
				AA0000G0 /* KeyTapSignposter.swift in Sources */,
				CC000030 /* KeyboardMetrics.swift in Sources */,
				CC000050 /* KeySoundPolicy.swift in Sources */,
				CC000010 /* KeyboardLayouts.swift in Sources */,
				CC000020 /* DictusKeyboardBridge.swift in Sources */,
				CC000040 /* HostInputTraits.swift in Sources */,
				CC000001 /* GiellaUtils.swift in Sources */,
				CC000002 /* KeyDefinition.swift in Sources */,
				CC000003 /* KeyboardDefinition.swift in Sources */,
				CC000004 /* Theme.swift in Sources */,
				CC000005 /* DeviceContext.swift in Sources */,
				CC000006 /* KeyboardHeightProvider.swift in Sources */,
				CC000007 /* InputContext.swift in Sources */,
				CC000008 /* SystemKeys.swift in Sources */,
				CC000009 /* KeyboardView.swift in Sources */,
				CC00000A /* KeyView.swift in Sources */,
				CC00000B /* KeyOverlayView.swift in Sources */,
				CC00000C /* LongPressController.swift in Sources */,
				CC00000D /* DeadKeyHandler.swift in Sources */,
				CC00000E /* Audio.swift in Sources */,
				EE000001 /* dictus_trie.cpp in Sources */,
				EE000002 /* dictus_scorer.cpp in Sources */,
				EE000003 /* dictus_proximity.cpp in Sources */,
				EE000004 /* AOSPTrieBridge.mm in Sources */,
				EE000005 /* AOSPTrieEngine.swift in Sources */,
				EE000008 /* dictus_ngram.cpp in Sources */,
			);
			runOnlyForDeploymentPostprocessing = 0;
		};
		BB600001 /* Sources */ = {
			isa = PBXSourcesBuildPhase;
			buildActionMask = 2147483647;
			files = (
				BB000001 /* DictusWidgetBundle.swift in Sources */,
				BB000002 /* DictusLiveActivity.swift in Sources */,
				BB000003 /* StopStandbyIntent.swift in Sources */,
			);
			runOnlyForDeploymentPostprocessing = 0;
		};
/* End PBXSourcesBuildPhase section */

/* Begin PBXTargetDependency section */
		AA070001 /* PBXTargetDependency */ = {
			isa = PBXTargetDependency;
			target = AA500002 /* DictusKeyboard */;
			targetProxy = AA050001 /* PBXContainerItemProxy */;
		};
		BB070001 /* PBXTargetDependency */ = {
			isa = PBXTargetDependency;
			target = BB500001 /* DictusWidgets */;
			targetProxy = BB050001 /* PBXContainerItemProxy */;
		};
/* End PBXTargetDependency section */

/* Begin XCBuildConfiguration section */
		AA710000 /* Debug */ = {
			isa = XCBuildConfiguration;
			buildSettings = {
				ALWAYS_SEARCH_USER_PATHS = NO;
				CLANG_ANALYZER_NONNULL = YES;
				CLANG_ANALYZER_NUMBER_OBJECT_CONVERSION = YES_AGGRESSIVE;
				CLANG_CXX_LANGUAGE_STANDARD = "gnu++20";
				CLANG_ENABLE_MODULES = YES;
				CLANG_ENABLE_OBJC_ARC = YES;
				CLANG_ENABLE_OBJC_WEAK = YES;
				CLANG_WARN_BLOCK_CAPTURE_AUTORELEASING = YES;
				CLANG_WARN_BOOL_CONVERSION = YES;
				CLANG_WARN_COMMA = YES;
				CLANG_WARN_CONSTANT_CONVERSION = YES;
				CLANG_WARN_DEPRECATED_OBJC_IMPLEMENTATIONS = YES;
				CLANG_WARN_DIRECT_OBJC_ISA_USAGE = YES_ERROR;
				CLANG_WARN_DOCUMENTATION_COMMENTS = YES;
				CLANG_WARN_EMPTY_BODY = YES;
				CLANG_WARN_ENUM_CONVERSION = YES;
				CLANG_WARN_INFINITE_RECURSION = YES;
				CLANG_WARN_INT_CONVERSION = YES;
				CLANG_WARN_NON_LITERAL_NULL_CONVERSION = YES;
				CLANG_WARN_OBJC_IMPLICIT_RETAIN_CYCLE = YES;
				CLANG_WARN_OBJC_LITERAL_CONVERSION = YES;
				CLANG_WARN_OBJC_ROOT_CLASS = YES_ERROR;
				CLANG_WARN_QUOTED_INCLUDE_IN_FRAMEWORK_HEADER = YES;
				CLANG_WARN_RANGE_LOOP_ANALYSIS = YES;
				CLANG_WARN_STRICT_PROTOTYPES = YES;
				CLANG_WARN_SUSPICIOUS_MOVE = YES;
				CLANG_WARN_UNGUARDED_AVAILABILITY = YES_AGGRESSIVE;
				CLANG_WARN_UNREACHABLE_CODE = YES;
				CLANG_WARN__DUPLICATE_METHOD_MATCH = YES;
				COPY_PHASE_STRIP = NO;
				DEBUG_INFORMATION_FORMAT = dwarf;
				ENABLE_STRICT_OBJC_MSGSEND = YES;
				ENABLE_TESTABILITY = YES;
				GCC_C_LANGUAGE_STANDARD = gnu11;
				GCC_DYNAMIC_NO_PIC = NO;
				GCC_NO_COMMON_BLOCKS = YES;
				GCC_OPTIMIZATION_LEVEL = 0;
				GCC_PREPROCESSOR_DEFINITIONS = (
					"DEBUG=1",
					"$(inherited)",
				);
				GCC_WARN_64_TO_32_BIT_CONVERSION = YES;
				GCC_WARN_ABOUT_RETURN_TYPE = YES_ERROR;
				GCC_WARN_UNDECLARED_SELECTOR = YES;
				GCC_WARN_UNINITIALIZED_AUTOS = YES_AGGRESSIVE;
				GCC_WARN_UNUSED_FUNCTION = YES;
				GCC_WARN_UNUSED_VARIABLE = YES;
				IPHONEOS_DEPLOYMENT_TARGET = 17.0;
				MTL_ENABLE_DEBUG_INFO = INCLUDE_SOURCE;
				MTL_FAST_MATH = YES;
				ONLY_ACTIVE_ARCH = YES;
				SDKROOT = iphoneos;
				SWIFT_ACTIVE_COMPILATION_CONDITIONS = "DEBUG DICTUS_POLISH_DEBUG_VISIBLE";
				SWIFT_OPTIMIZATION_LEVEL = "-Onone";
			};
			name = Debug;
		};
		AA710001 /* Release */ = {
			isa = XCBuildConfiguration;
			buildSettings = {
				ALWAYS_SEARCH_USER_PATHS = NO;
				CLANG_ANALYZER_NONNULL = YES;
				CLANG_ANALYZER_NUMBER_OBJECT_CONVERSION = YES_AGGRESSIVE;
				CLANG_CXX_LANGUAGE_STANDARD = "gnu++20";
				CLANG_ENABLE_MODULES = YES;
				CLANG_ENABLE_OBJC_ARC = YES;
				CLANG_ENABLE_OBJC_WEAK = YES;
				CLANG_WARN_BLOCK_CAPTURE_AUTORELEASING = YES;
				CLANG_WARN_BOOL_CONVERSION = YES;
				CLANG_WARN_COMMA = YES;
				CLANG_WARN_CONSTANT_CONVERSION = YES;
				CLANG_WARN_DEPRECATED_OBJC_IMPLEMENTATIONS = YES;
				CLANG_WARN_DIRECT_OBJC_ISA_USAGE = YES_ERROR;
				CLANG_WARN_DOCUMENTATION_COMMENTS = YES;
				CLANG_WARN_EMPTY_BODY = YES;
				CLANG_WARN_ENUM_CONVERSION = YES;
				CLANG_WARN_INFINITE_RECURSION = YES;
				CLANG_WARN_INT_CONVERSION = YES;
				CLANG_WARN_NON_LITERAL_NULL_CONVERSION = YES;
				CLANG_WARN_OBJC_IMPLICIT_RETAIN_CYCLE = YES;
				CLANG_WARN_OBJC_LITERAL_CONVERSION = YES;
				CLANG_WARN_OBJC_ROOT_CLASS = YES_ERROR;
				CLANG_WARN_QUOTED_INCLUDE_IN_FRAMEWORK_HEADER = YES;
				CLANG_WARN_RANGE_LOOP_ANALYSIS = YES;
				CLANG_WARN_STRICT_PROTOTYPES = YES;
				CLANG_WARN_SUSPICIOUS_MOVE = YES;
				CLANG_WARN_UNGUARDED_AVAILABILITY = YES_AGGRESSIVE;
				CLANG_WARN_UNREACHABLE_CODE = YES;
				CLANG_WARN__DUPLICATE_METHOD_MATCH = YES;
				COPY_PHASE_STRIP = NO;
				DEBUG_INFORMATION_FORMAT = "dwarf-with-dsym";
				ENABLE_NS_ASSERTIONS = NO;
				ENABLE_STRICT_OBJC_MSGSEND = YES;
				GCC_C_LANGUAGE_STANDARD = gnu11;
				GCC_NO_COMMON_BLOCKS = YES;
				GCC_WARN_64_TO_32_BIT_CONVERSION = YES;
				GCC_WARN_ABOUT_RETURN_TYPE = YES_ERROR;
				GCC_WARN_UNDECLARED_SELECTOR = YES;
				GCC_WARN_UNINITIALIZED_AUTOS = YES_AGGRESSIVE;
				GCC_WARN_UNUSED_FUNCTION = YES;
				GCC_WARN_UNUSED_VARIABLE = YES;
				IPHONEOS_DEPLOYMENT_TARGET = 17.0;
				MTL_ENABLE_DEBUG_INFO = NO;
				MTL_FAST_MATH = YES;
				SDKROOT = iphoneos;
				SWIFT_COMPILATION_MODE = wholemodule;
				SWIFT_OPTIMIZATION_LEVEL = "-O";
				VALIDATE_PRODUCT = YES;
			};
			name = Release;
		};
		AA720001 /* Debug */ = {
			isa = XCBuildConfiguration;
			buildSettings = {
				ASSETCATALOG_COMPILER_APPICON_NAME = AppIcon;
				ASSETCATALOG_COMPILER_GLOBAL_ACCENT_COLOR_NAME = AccentColor;
				CODE_SIGN_ENTITLEMENTS = DictusApp/DictusApp.entitlements;
				CODE_SIGN_STYLE = Automatic;
				CURRENT_PROJECT_VERSION = 6;
				DEVELOPMENT_TEAM = 9B8B36C2FA;
				GENERATE_INFOPLIST_FILE = NO;
				INFOPLIST_FILE = DictusApp/Info.plist;
				IPHONEOS_DEPLOYMENT_TARGET = 17.0;
				MARKETING_VERSION = 1.4;
				PRODUCT_BUNDLE_IDENTIFIER = com.pivi.dictus;
				PRODUCT_NAME = "$(TARGET_NAME)";
				SDKROOT = iphoneos;
				SWIFT_EMIT_LOC_STRINGS = YES;
				SWIFT_OBJC_BRIDGING_HEADER = "DictusApp/DictusApp-Bridging-Header.h";
				SWIFT_VERSION = 5.0;
				TARGETED_DEVICE_FAMILY = 1;
			};
			name = Debug;
		};
		AA720002 /* Release */ = {
			isa = XCBuildConfiguration;
			buildSettings = {
				ASSETCATALOG_COMPILER_APPICON_NAME = AppIcon;
				ASSETCATALOG_COMPILER_GLOBAL_ACCENT_COLOR_NAME = AccentColor;
				CODE_SIGN_ENTITLEMENTS = DictusApp/DictusApp.entitlements;
				CODE_SIGN_STYLE = Automatic;
				CURRENT_PROJECT_VERSION = 6;
				DEVELOPMENT_TEAM = 9B8B36C2FA;
				GENERATE_INFOPLIST_FILE = NO;
				INFOPLIST_FILE = DictusApp/Info.plist;
				IPHONEOS_DEPLOYMENT_TARGET = 17.0;
				MARKETING_VERSION = 1.4;
				PRODUCT_BUNDLE_IDENTIFIER = com.pivi.dictus;
				PRODUCT_NAME = "$(TARGET_NAME)";
				SDKROOT = iphoneos;
				SWIFT_EMIT_LOC_STRINGS = YES;
				SWIFT_OBJC_BRIDGING_HEADER = "DictusApp/DictusApp-Bridging-Header.h";
				SWIFT_VERSION = 5.0;
				TARGETED_DEVICE_FAMILY = 1;
			};
			name = Release;
		};
		AA730001 /* Debug */ = {
			isa = XCBuildConfiguration;
			buildSettings = {
				APPLICATION_EXTENSION_API_ONLY = YES;
				CODE_SIGN_ENTITLEMENTS = DictusKeyboard/DictusKeyboard.entitlements;
				CODE_SIGN_STYLE = Automatic;
				CURRENT_PROJECT_VERSION = 6;
				DEVELOPMENT_TEAM = 9B8B36C2FA;
				GENERATE_INFOPLIST_FILE = NO;
				HEADER_SEARCH_PATHS = (
					"$(inherited)",
					"$(SRCROOT)/DictusKeyboard/Vendored/AOSPTrie/include",
					"$(SRCROOT)/DictusKeyboard/Vendored/AOSPTrie/bridge",
				);
				INFOPLIST_FILE = DictusKeyboard/Info.plist;
				IPHONEOS_DEPLOYMENT_TARGET = 17.0;
				MARKETING_VERSION = 1.4;
				PRODUCT_BUNDLE_IDENTIFIER = com.pivi.dictus.keyboard;
				PRODUCT_NAME = "$(TARGET_NAME)";
				SDKROOT = iphoneos;
				SKIP_INSTALL = YES;
				SWIFT_EMIT_LOC_STRINGS = YES;
				SWIFT_OBJC_BRIDGING_HEADER = "DictusKeyboard/DictusKeyboard-Bridging-Header.h";
				SWIFT_VERSION = 5.0;
				TARGETED_DEVICE_FAMILY = 1;
			};
			name = Debug;
		};
		AA730002 /* Release */ = {
			isa = XCBuildConfiguration;
			buildSettings = {
				APPLICATION_EXTENSION_API_ONLY = YES;
				CODE_SIGN_ENTITLEMENTS = DictusKeyboard/DictusKeyboard.entitlements;
				CODE_SIGN_STYLE = Automatic;
				CURRENT_PROJECT_VERSION = 6;
				DEVELOPMENT_TEAM = 9B8B36C2FA;
				GENERATE_INFOPLIST_FILE = NO;
				HEADER_SEARCH_PATHS = (
					"$(inherited)",
					"$(SRCROOT)/DictusKeyboard/Vendored/AOSPTrie/include",
					"$(SRCROOT)/DictusKeyboard/Vendored/AOSPTrie/bridge",
				);
				INFOPLIST_FILE = DictusKeyboard/Info.plist;
				IPHONEOS_DEPLOYMENT_TARGET = 17.0;
				MARKETING_VERSION = 1.4;
				PRODUCT_BUNDLE_IDENTIFIER = com.pivi.dictus.keyboard;
				PRODUCT_NAME = "$(TARGET_NAME)";
				SDKROOT = iphoneos;
				SKIP_INSTALL = YES;
				SWIFT_EMIT_LOC_STRINGS = YES;
				SWIFT_OBJC_BRIDGING_HEADER = "DictusKeyboard/DictusKeyboard-Bridging-Header.h";
				SWIFT_VERSION = 5.0;
				TARGETED_DEVICE_FAMILY = 1;
			};
			name = Release;
		};
		BB740001 /* Debug */ = {
			isa = XCBuildConfiguration;
			buildSettings = {
				APPLICATION_EXTENSION_API_ONLY = YES;
				CODE_SIGN_ENTITLEMENTS = DictusWidgets/DictusWidgets.entitlements;
				CODE_SIGN_STYLE = Automatic;
				CURRENT_PROJECT_VERSION = 6;
				DEVELOPMENT_TEAM = 9B8B36C2FA;
				GENERATE_INFOPLIST_FILE = NO;
				INFOPLIST_FILE = DictusWidgets/Info.plist;
				IPHONEOS_DEPLOYMENT_TARGET = 17.0;
				MARKETING_VERSION = 1.4;
				PRODUCT_BUNDLE_IDENTIFIER = com.pivi.dictus.widgets;
				PRODUCT_NAME = "$(TARGET_NAME)";
				SDKROOT = iphoneos;
				SKIP_INSTALL = YES;
				SWIFT_EMIT_LOC_STRINGS = YES;
				SWIFT_VERSION = 5.0;
				TARGETED_DEVICE_FAMILY = 1;
			};
			name = Debug;
		};
		BB740002 /* Release */ = {
			isa = XCBuildConfiguration;
			buildSettings = {
				APPLICATION_EXTENSION_API_ONLY = YES;
				CODE_SIGN_ENTITLEMENTS = DictusWidgets/DictusWidgets.entitlements;
				CODE_SIGN_STYLE = Automatic;
				CURRENT_PROJECT_VERSION = 6;
				DEVELOPMENT_TEAM = 9B8B36C2FA;
				GENERATE_INFOPLIST_FILE = NO;
				INFOPLIST_FILE = DictusWidgets/Info.plist;
				IPHONEOS_DEPLOYMENT_TARGET = 17.0;
				MARKETING_VERSION = 1.4;
				PRODUCT_BUNDLE_IDENTIFIER = com.pivi.dictus.widgets;
				PRODUCT_NAME = "$(TARGET_NAME)";
				SDKROOT = iphoneos;
				SKIP_INSTALL = YES;
				SWIFT_EMIT_LOC_STRINGS = YES;
				SWIFT_VERSION = 5.0;
				TARGETED_DEVICE_FAMILY = 1;
			};
			name = Release;
		};
/* End XCBuildConfiguration section */

/* Begin XCConfigurationList section */
		AA700000 /* Build configuration list for PBXProject "Dictus" */ = {
			isa = XCConfigurationList;
			buildConfigurations = (
				AA710000 /* Debug */,
				AA710001 /* Release */,
			);
			defaultConfigurationIsVisible = 0;
			defaultConfigurationName = Release;
		};
		AA700001 /* Build configuration list for PBXNativeTarget "DictusApp" */ = {
			isa = XCConfigurationList;
			buildConfigurations = (
				AA720001 /* Debug */,
				AA720002 /* Release */,
			);
			defaultConfigurationIsVisible = 0;
			defaultConfigurationName = Release;
		};
		AA700002 /* Build configuration list for PBXNativeTarget "DictusKeyboard" */ = {
			isa = XCConfigurationList;
			buildConfigurations = (
				AA730001 /* Debug */,
				AA730002 /* Release */,
			);
			defaultConfigurationIsVisible = 0;
			defaultConfigurationName = Release;
		};
		BB700001 /* Build configuration list for PBXNativeTarget "DictusWidgets" */ = {
			isa = XCConfigurationList;
			buildConfigurations = (
				BB740001 /* Debug */,
				BB740002 /* Release */,
			);
			defaultConfigurationIsVisible = 0;
			defaultConfigurationName = Release;
		};
/* End XCConfigurationList section */

/* Begin XCLocalSwiftPackageReference section */
		AA800001 /* XCLocalSwiftPackageReference "DictusCore" */ = {
			isa = XCLocalSwiftPackageReference;
			relativePath = DictusCore;
		};
/* End XCLocalSwiftPackageReference section */

/* Begin XCRemoteSwiftPackageReference section */
		AA800002 /* XCRemoteSwiftPackageReference "WhisperKit" */ = {
			isa = XCRemoteSwiftPackageReference;
			repositoryURL = "https://github.com/argmaxinc/WhisperKit.git";
			requirement = {
				kind = upToNextMajorVersion;
				minimumVersion = 0.16.0;
			};
		};
		AA800003 /* XCRemoteSwiftPackageReference "FluidAudio" */ = {
			isa = XCRemoteSwiftPackageReference;
			repositoryURL = "https://github.com/FluidInference/FluidAudio.git";
			requirement = {
				kind = exactVersion;
				version = 0.13.4;
			};
		};
		CC800001 /* XCRemoteSwiftPackageReference "DeviceKit" */ = {
			isa = XCRemoteSwiftPackageReference;
			repositoryURL = "https://github.com/devicekit/DeviceKit.git";
			requirement = {
				kind = upToNextMajorVersion;
				minimumVersion = 5.8.0;
			};
		};
/* End XCRemoteSwiftPackageReference section */

/* Begin XCSwiftPackageProductDependency section */
		AA900010 /* DictusCore */ = {
			isa = XCSwiftPackageProductDependency;
			package = AA800001 /* XCLocalSwiftPackageReference "DictusCore" */;
			productName = DictusCore;
		};
		AA900011 /* DictusCore */ = {
			isa = XCSwiftPackageProductDependency;
			package = AA800001 /* XCLocalSwiftPackageReference "DictusCore" */;
			productName = DictusCore;
		};
		AA900020 /* WhisperKit */ = {
			isa = XCSwiftPackageProductDependency;
			package = AA800002 /* XCRemoteSwiftPackageReference "WhisperKit" */;
			productName = WhisperKit;
		};
		AA900030 /* FluidAudio */ = {
			isa = XCSwiftPackageProductDependency;
			package = AA800003 /* XCRemoteSwiftPackageReference "FluidAudio" */;
			productName = FluidAudio;
		};
		BB900010 /* DictusCore */ = {
			isa = XCSwiftPackageProductDependency;
			package = AA800001 /* XCLocalSwiftPackageReference "DictusCore" */;
			productName = DictusCore;
		};
		CC900001 /* DeviceKit */ = {
			isa = XCSwiftPackageProductDependency;
			package = CC800001 /* XCRemoteSwiftPackageReference "DeviceKit" */;
			productName = DeviceKit;
		};
/* End XCSwiftPackageProductDependency section */
	};
	rootObject = AA000000 /* Project object */;
}
